// !$*UTF8*$!
{
	archiveVersion = 1;
	classes = {
	};
	objectVersion = 50;
	objects = {

/* Begin PBXBuildFile section */
		F093F42E24631C3F00C9C666 /* AppDelegate.swift in Sources */ = {isa = PBXBuildFile; fileRef = F093F42D24631C3F00C9C666 /* AppDelegate.swift */; };
		F093F43024631C3F00C9C666 /* SceneDelegate.swift in Sources */ = {isa = PBXBuildFile; fileRef = F093F42F24631C3F00C9C666 /* SceneDelegate.swift */; };
		F093F43224631C3F00C9C666 /* GameViewController.swift in Sources */ = {isa = PBXBuildFile; fileRef = F093F43124631C3F00C9C666 /* GameViewController.swift */; };
		F093F43524631C3F00C9C666 /* Main.storyboard in Resources */ = {isa = PBXBuildFile; fileRef = F093F43324631C3F00C9C666 /* Main.storyboard */; };
		F093F43724631C4100C9C666 /* Assets.xcassets in Resources */ = {isa = PBXBuildFile; fileRef = F093F43624631C4100C9C666 /* Assets.xcassets */; };
		F093F43A24631C4100C9C666 /* LaunchScreen.storyboard in Resources */ = {isa = PBXBuildFile; fileRef = F093F43824631C4100C9C666 /* LaunchScreen.storyboard */; };
		F093F44824631F7500C9C666 /* CardCell.swift in Sources */ = {isa = PBXBuildFile; fileRef = F093F44724631F7500C9C666 /* CardCell.swift */; };
/* End PBXBuildFile section */

/* Begin PBXFileReference section */
		F093F42A24631C3F00C9C666 /* Milestone-Project28-30.app */ = {isa = PBXFileReference; explicitFileType = wrapper.application; includeInIndex = 0; path = "Milestone-Project28-30.app"; sourceTree = BUILT_PRODUCTS_DIR; };
		F093F42D24631C3F00C9C666 /* AppDelegate.swift */ = {isa = PBXFileReference; lastKnownFileType = sourcecode.swift; path = AppDelegate.swift; sourceTree = "<group>"; };
		F093F42F24631C3F00C9C666 /* SceneDelegate.swift */ = {isa = PBXFileReference; lastKnownFileType = sourcecode.swift; path = SceneDelegate.swift; sourceTree = "<group>"; };
		F093F43124631C3F00C9C666 /* GameViewController.swift */ = {isa = PBXFileReference; lastKnownFileType = sourcecode.swift; path = GameViewController.swift; sourceTree = "<group>"; };
		F093F43424631C3F00C9C666 /* Base */ = {isa = PBXFileReference; lastKnownFileType = file.storyboard; name = Base; path = Base.lproj/Main.storyboard; sourceTree = "<group>"; };
		F093F43624631C4100C9C666 /* Assets.xcassets */ = {isa = PBXFileReference; lastKnownFileType = folder.assetcatalog; path = Assets.xcassets; sourceTree = "<group>"; };
		F093F43924631C4100C9C666 /* Base */ = {isa = PBXFileReference; lastKnownFileType = file.storyboard; name = Base; path = Base.lproj/LaunchScreen.storyboard; sourceTree = "<group>"; };
		F093F43B24631C4100C9C666 /* Info.plist */ = {isa = PBXFileReference; lastKnownFileType = text.plist.xml; path = Info.plist; sourceTree = "<group>"; };
		F093F44724631F7500C9C666 /* CardCell.swift */ = {isa = PBXFileReference; lastKnownFileType = sourcecode.swift; path = CardCell.swift; sourceTree = "<group>"; };
/* End PBXFileReference section */

/* Begin PBXFrameworksBuildPhase section */
		F093F42724631C3F00C9C666 /* Frameworks */ = {
			isa = PBXFrameworksBuildPhase;
			buildActionMask = 2147483647;
			files = (
			);
			runOnlyForDeploymentPostprocessing = 0;
		};
/* End PBXFrameworksBuildPhase section */

/* Begin PBXGroup section */
		F093F42124631C3F00C9C666 = {
			isa = PBXGroup;
			children = (
				F093F42C24631C3F00C9C666 /* Milestone-Project28-30 */,
				F093F42B24631C3F00C9C666 /* Products */,
			);
			sourceTree = "<group>";
		};
		F093F42B24631C3F00C9C666 /* Products */ = {
			isa = PBXGroup;
			children = (
				F093F42A24631C3F00C9C666 /* Milestone-Project28-30.app */,
			);
			name = Products;
			sourceTree = "<group>";
		};
		F093F42C24631C3F00C9C666 /* Milestone-Project28-30 */ = {
			isa = PBXGroup;
			children = (
				F093F44624631F3700C9C666 /* Model */,
				F093F44524631F3200C9C666 /* Controller */,
				F093F44424631F2200C9C666 /* View */,
				F093F44324631F1D00C9C666 /* Init */,
				F093F43624631C4100C9C666 /* Assets.xcassets */,
				F093F43B24631C4100C9C666 /* Info.plist */,
			);
			path = "Milestone-Project28-30";
			sourceTree = "<group>";
		};
		F093F44324631F1D00C9C666 /* Init */ = {
			isa = PBXGroup;
			children = (
				F093F42D24631C3F00C9C666 /* AppDelegate.swift */,
				F093F42F24631C3F00C9C666 /* SceneDelegate.swift */,
				F093F43824631C4100C9C666 /* LaunchScreen.storyboard */,
			);
			path = Init;
			sourceTree = "<group>";
		};
		F093F44424631F2200C9C666 /* View */ = {
			isa = PBXGroup;
			children = (
				F093F43324631C3F00C9C666 /* Main.storyboard */,
			);
			path = View;
			sourceTree = "<group>";
		};
		F093F44524631F3200C9C666 /* Controller */ = {
			isa = PBXGroup;
			children = (
				F093F43124631C3F00C9C666 /* GameViewController.swift */,
			);
			path = Controller;
			sourceTree = "<group>";
		};
		F093F44624631F3700C9C666 /* Model */ = {
			isa = PBXGroup;
			children = (
				F093F44724631F7500C9C666 /* CardCell.swift */,
			);
			path = Model;
			sourceTree = "<group>";
		};
/* End PBXGroup section */

/* Begin PBXNativeTarget section */
		F093F42924631C3F00C9C666 /* Milestone-Project28-30 */ = {
			isa = PBXNativeTarget;
			buildConfigurationList = F093F43E24631C4100C9C666 /* Build configuration list for PBXNativeTarget "Milestone-Project28-30" */;
			buildPhases = (
				F093F42624631C3F00C9C666 /* Sources */,
				F093F42724631C3F00C9C666 /* Frameworks */,
				F093F42824631C3F00C9C666 /* Resources */,
			);
			buildRules = (
			);
			dependencies = (
			);
			name = "Milestone-Project28-30";
			productName = "Milestone-Project28-30";
			productReference = F093F42A24631C3F00C9C666 /* Milestone-Project28-30.app */;
			productType = "com.apple.product-type.application";
		};
/* End PBXNativeTarget section */

/* Begin PBXProject section */
		F093F42224631C3F00C9C666 /* Project object */ = {
			isa = PBXProject;
			attributes = {
				LastSwiftUpdateCheck = 1140;
				LastUpgradeCheck = 1140;
				ORGANIZATIONNAME = "Kevin Ngo";
				TargetAttributes = {
					F093F42924631C3F00C9C666 = {
						CreatedOnToolsVersion = 11.4.1;
					};
				};
			};
			buildConfigurationList = F093F42524631C3F00C9C666 /* Build configuration list for PBXProject "Milestone-Project28-30" */;
			compatibilityVersion = "Xcode 9.3";
			developmentRegion = en;
			hasScannedForEncodings = 0;
			knownRegions = (
				en,
				Base,
			);
			mainGroup = F093F42124631C3F00C9C666;
			productRefGroup = F093F42B24631C3F00C9C666 /* Products */;
			projectDirPath = "";
			projectRoot = "";
			targets = (
				F093F42924631C3F00C9C666 /* Milestone-Project28-30 */,
			);
		};
/* End PBXProject section */

/* Begin PBXResourcesBuildPhase section */
		F093F42824631C3F00C9C666 /* Resources */ = {
			isa = PBXResourcesBuildPhase;
			buildActionMask = 2147483647;
			files = (
				F093F43A24631C4100C9C666 /* LaunchScreen.storyboard in Resources */,
				F093F43724631C4100C9C666 /* Assets.xcassets in Resources */,
				F093F43524631C3F00C9C666 /* Main.storyboard in Resources */,
			);
			runOnlyForDeploymentPostprocessing = 0;
		};
/* End PBXResourcesBuildPhase section */

/* Begin PBXSourcesBuildPhase section */
		F093F42624631C3F00C9C666 /* Sources */ = {
			isa = PBXSourcesBuildPhase;
			buildActionMask = 2147483647;
			files = (
				F093F43224631C3F00C9C666 /* GameViewController.swift in Sources */,
				F093F42E24631C3F00C9C666 /* AppDelegate.swift in Sources */,
				F093F43024631C3F00C9C666 /* SceneDelegate.swift in Sources */,
				F093F44824631F7500C9C666 /* CardCell.swift in Sources */,
			);
			runOnlyForDeploymentPostprocessing = 0;
		};
/* End PBXSourcesBuildPhase section */

/* Begin PBXVariantGroup section */
		F093F43324631C3F00C9C666 /* Main.storyboard */ = {
			isa = PBXVariantGroup;
			children = (
				F093F43424631C3F00C9C666 /* Base */,
			);
			name = Main.storyboard;
			sourceTree = "<group>";
		};
		F093F43824631C4100C9C666 /* LaunchScreen.storyboard */ = {
			isa = PBXVariantGroup;
			children = (
				F093F43924631C4100C9C666 /* Base */,
			);
			name = LaunchScreen.storyboard;
			sourceTree = "<group>";
		};
/* End PBXVariantGroup section */

/* Begin XCBuildConfiguration section */
		F093F43C24631C4100C9C666 /* Debug */ = {
			isa = XCBuildConfiguration;
			buildSettings = {
				ALWAYS_SEARCH_USER_PATHS = NO;
				CLANG_ANALYZER_NONNULL = YES;
				CLANG_ANALYZER_NUMBER_OBJECT_CONVERSION = YES_AGGRESSIVE;
				CLANG_CXX_LANGUAGE_STANDARD = "gnu++14";
				CLANG_CXX_LIBRARY = "libc++";
				CLANG_ENABLE_MODULES = YES;
				CLANG_ENABLE_OBJC_ARC = YES;
				CLANG_ENABLE_OBJC_WEAK = YES;
				CLANG_WARN_BLOCK_CAPTURE_AUTORELEASING = YES;
				CLANG_WARN_BOOL_CONVERSION = YES;
				CLANG_WARN_COMMA = YES;
				CLANG_WARN_CONSTANT_CONVERSION = YES;
				CLANG_WARN_DEPRECATED_OBJC_IMPLEMENTATIONS = YES;
				CLANG_WARN_DIRECT_OBJC_ISA_USAGE = YES_ERROR;
				CLANG_WARN_DOCUMENTATION_COMMENTS = YES;
				CLANG_WARN_EMPTY_BODY = YES;
				CLANG_WARN_ENUM_CONVERSION = YES;
				CLANG_WARN_INFINITE_RECURSION = YES;
				CLANG_WARN_INT_CONVERSION = YES;
				CLANG_WARN_NON_LITERAL_NULL_CONVERSION = YES;
				CLANG_WARN_OBJC_IMPLICIT_RETAIN_SELF = YES;
				CLANG_WARN_OBJC_LITERAL_CONVERSION = YES;
				CLANG_WARN_OBJC_ROOT_CLASS = YES_ERROR;
				CLANG_WARN_RANGE_LOOP_ANALYSIS = YES;
				CLANG_WARN_STRICT_PROTOTYPES = YES;
				CLANG_WARN_SUSPICIOUS_MOVE = YES;
				CLANG_WARN_UNGUARDED_AVAILABILITY = YES_AGGRESSIVE;
				CLANG_WARN_UNREACHABLE_CODE = YES;
				CLANG_WARN__DUPLICATE_METHOD_MATCH = YES;
				COPY_PHASE_STRIP = NO;
				DEBUG_INFORMATION_FORMAT = dwarf;
				ENABLE_STRICT_OBJC_MSGSEND = YES;
				ENABLE_TESTABILITY = YES;
				GCC_C_LANGUAGE_STANDARD = gnu11;
				GCC_DYNAMIC_NO_PIC = NO;
				GCC_NO_COMMON_BLOCKS = YES;
				GCC_OPTIMIZATION_LEVEL = 0;
				GCC_PREPROCESSOR_DEFINITIONS = (
					"DEBUG=1",
					"$(inherited)",
				);
				GCC_WARN_64_TO_32_BIT_CONVERSION = YES;
				GCC_WARN_ABOUT_RETURN_TYPE = YES_ERROR;
				GCC_WARN_UNDECLARED_SELECTOR = YES;
				GCC_WARN_UNINITIALIZED_AUTOS = YES_AGGRESSIVE;
				GCC_WARN_UNUSED_FUNCTION = YES;
				GCC_WARN_UNUSED_VARIABLE = YES;
				IPHONEOS_DEPLOYMENT_TARGET = 13.4;
				MTL_ENABLE_DEBUG_INFO = INCLUDE_SOURCE;
				MTL_FAST_MATH = YES;
				ONLY_ACTIVE_ARCH = YES;
				SDKROOT = iphoneos;
				SWIFT_ACTIVE_COMPILATION_CONDITIONS = DEBUG;
				SWIFT_OPTIMIZATION_LEVEL = "-Onone";
			};
			name = Debug;
		};
		F093F43D24631C4100C9C666 /* Release */ = {
			isa = XCBuildConfiguration;
			buildSettings = {
				ALWAYS_SEARCH_USER_PATHS = NO;
				CLANG_ANALYZER_NONNULL = YES;
				CLANG_ANALYZER_NUMBER_OBJECT_CONVERSION = YES_AGGRESSIVE;
				CLANG_CXX_LANGUAGE_STANDARD = "gnu++14";
				CLANG_CXX_LIBRARY = "libc++";
				CLANG_ENABLE_MODULES = YES;
				CLANG_ENABLE_OBJC_ARC = YES;
				CLANG_ENABLE_OBJC_WEAK = YES;
				CLANG_WARN_BLOCK_CAPTURE_AUTORELEASING = YES;
				CLANG_WARN_BOOL_CONVERSION = YES;
				CLANG_WARN_COMMA = YES;
				CLANG_WARN_CONSTANT_CONVERSION = YES;
				CLANG_WARN_DEPRECATED_OBJC_IMPLEMENTATIONS = YES;
				CLANG_WARN_DIRECT_OBJC_ISA_USAGE = YES_ERROR;
				CLANG_WARN_DOCUMENTATION_COMMENTS = YES;
				CLANG_WARN_EMPTY_BODY = YES;
				CLANG_WARN_ENUM_CONVERSION = YES;
				CLANG_WARN_INFINITE_RECURSION = YES;
				CLANG_WARN_INT_CONVERSION = YES;
				CLANG_WARN_NON_LITERAL_NULL_CONVERSION = YES;
				CLANG_WARN_OBJC_IMPLICIT_RETAIN_SELF = YES;
				CLANG_WARN_OBJC_LITERAL_CONVERSION = YES;
				CLANG_WARN_OBJC_ROOT_CLASS = YES_ERROR;
				CLANG_WARN_RANGE_LOOP_ANALYSIS = YES;
				CLANG_WARN_STRICT_PROTOTYPES = YES;
				CLANG_WARN_SUSPICIOUS_MOVE = YES;
				CLANG_WARN_UNGUARDED_AVAILABILITY = YES_AGGRESSIVE;
				CLANG_WARN_UNREACHABLE_CODE = YES;
				CLANG_WARN__DUPLICATE_METHOD_MATCH = YES;
				COPY_PHASE_STRIP = NO;
				DEBUG_INFORMATION_FORMAT = "dwarf-with-dsym";
				ENABLE_NS_ASSERTIONS = NO;
				ENABLE_STRICT_OBJC_MSGSEND = YES;
				GCC_C_LANGUAGE_STANDARD = gnu11;
				GCC_NO_COMMON_BLOCKS = YES;
				GCC_WARN_64_TO_32_BIT_CONVERSION = YES;
				GCC_WARN_ABOUT_RETURN_TYPE = YES_ERROR;
				GCC_WARN_UNDECLARED_SELECTOR = YES;
				GCC_WARN_UNINITIALIZED_AUTOS = YES_AGGRESSIVE;
				GCC_WARN_UNUSED_FUNCTION = YES;
				GCC_WARN_UNUSED_VARIABLE = YES;
				IPHONEOS_DEPLOYMENT_TARGET = 13.4;
				MTL_ENABLE_DEBUG_INFO = NO;
				MTL_FAST_MATH = YES;
				SDKROOT = iphoneos;
				SWIFT_COMPILATION_MODE = wholemodule;
				SWIFT_OPTIMIZATION_LEVEL = "-O";
				VALIDATE_PRODUCT = YES;
			};
			name = Release;
		};
		F093F43F24631C4100C9C666 /* Debug */ = {
			isa = XCBuildConfiguration;
			buildSettings = {
				ASSETCATALOG_COMPILER_APPICON_NAME = AppIcon;
				CODE_SIGN_STYLE = Automatic;
				DEVELOPMENT_TEAM = RN7VW6K2SU;
				INFOPLIST_FILE = "Milestone-Project28-30/Info.plist";
				LD_RUNPATH_SEARCH_PATHS = (
					"$(inherited)",
					"@executable_path/Frameworks",
				);
				PRODUCT_BUNDLE_IDENTIFIER = "com.kevinngo.Milestone-Project28-30";
				PRODUCT_NAME = "$(TARGET_NAME)";
				SWIFT_VERSION = 5.0;
				TARGETED_DEVICE_FAMILY = "1,2";
			};
			name = Debug;
		};
		F093F44024631C4100C9C666 /* Release */ = {
			isa = XCBuildConfiguration;
			buildSettings = {
				ASSETCATALOG_COMPILER_APPICON_NAME = AppIcon;
				CODE_SIGN_STYLE = Automatic;
				DEVELOPMENT_TEAM = RN7VW6K2SU;
				INFOPLIST_FILE = "Milestone-Project28-30/Info.plist";
				LD_RUNPATH_SEARCH_PATHS = (
					"$(inherited)",
					"@executable_path/Frameworks",
				);
				PRODUCT_BUNDLE_IDENTIFIER = "com.kevinngo.Milestone-Project28-30";
				PRODUCT_NAME = "$(TARGET_NAME)";
				SWIFT_VERSION = 5.0;
				TARGETED_DEVICE_FAMILY = "1,2";
			};
			name = Release;
		};
/* End XCBuildConfiguration section */

/* Begin XCConfigurationList section */
		F093F42524631C3F00C9C666 /* Build configuration list for PBXProject "Milestone-Project28-30" */ = {
			isa = XCConfigurationList;
			buildConfigurations = (
				F093F43C24631C4100C9C666 /* Debug */,
				F093F43D24631C4100C9C666 /* Release */,
			);
			defaultConfigurationIsVisible = 0;
			defaultConfigurationName = Release;
		};
		F093F43E24631C4100C9C666 /* Build configuration list for PBXNativeTarget "Milestone-Project28-30" */ = {
			isa = XCConfigurationList;
			buildConfigurations = (
				F093F43F24631C4100C9C666 /* Debug */,
				F093F44024631C4100C9C666 /* Release */,
			);
			defaultConfigurationIsVisible = 0;
			defaultConfigurationName = Release;
		};
/* End XCConfigurationList section */
	};
	rootObject = F093F42224631C3F00C9C666 /* Project object */;
}
