// !$*UTF8*$!
{
	archiveVersion = 1;
	classes = {
	};
	objectVersion = 50;
	objects = {

/* Begin PBXBuildFile section */
		F050E2E0243E53FC004D12C4 /* AppDelegate.swift in Sources */ = {isa = PBXBuildFile; fileRef = F050E2DF243E53FC004D12C4 /* AppDelegate.swift */; };
		F050E2E2243E53FC004D12C4 /* SceneDelegate.swift in Sources */ = {isa = PBXBuildFile; fileRef = F050E2E1243E53FC004D12C4 /* SceneDelegate.swift */; };
		F050E2E4243E53FC004D12C4 /* ViewController.swift in Sources */ = {isa = PBXBuildFile; fileRef = F050E2E3243E53FC004D12C4 /* ViewController.swift */; };
		F050E2E7243E53FC004D12C4 /* Main.storyboard in Resources */ = {isa = PBXBuildFile; fileRef = F050E2E5243E53FC004D12C4 /* Main.storyboard */; };
		F050E2E9243E53FF004D12C4 /* Assets.xcassets in Resources */ = {isa = PBXBuildFile; fileRef = F050E2E8243E53FF004D12C4 /* Assets.xcassets */; };
		F050E2EC243E53FF004D12C4 /* LaunchScreen.storyboard in Resources */ = {isa = PBXBuildFile; fileRef = F050E2EA243E53FF004D12C4 /* LaunchScreen.storyboard */; };
		F050E2F6243E649B004D12C4 /* DetailsViewController.swift in Sources */ = {isa = PBXBuildFile; fileRef = F050E2F5243E649B004D12C4 /* DetailsViewController.swift */; };
		F050E2F8243E6C7D004D12C4 /* Country.swift in Sources */ = {isa = PBXBuildFile; fileRef = F050E2F7243E6C7D004D12C4 /* Country.swift */; };
		F050E2FA243E6C87004D12C4 /* Countries.swift in Sources */ = {isa = PBXBuildFile; fileRef = F050E2F9243E6C87004D12C4 /* Countries.swift */; };
		F050E2FC243F7E09004D12C4 /* CountryInformation.json in Resources */ = {isa = PBXBuildFile; fileRef = F050E2FB243F7E09004D12C4 /* CountryInformation.json */; };
/* End PBXBuildFile section */

/* Begin PBXFileReference section */
		F050E2DC243E53FC004D12C4 /* Milestone-Project13-15.app */ = {isa = PBXFileReference; explicitFileType = wrapper.application; includeInIndex = 0; path = "Milestone-Project13-15.app"; sourceTree = BUILT_PRODUCTS_DIR; };
		F050E2DF243E53FC004D12C4 /* AppDelegate.swift */ = {isa = PBXFileReference; lastKnownFileType = sourcecode.swift; path = AppDelegate.swift; sourceTree = "<group>"; };
		F050E2E1243E53FC004D12C4 /* SceneDelegate.swift */ = {isa = PBXFileReference; lastKnownFileType = sourcecode.swift; path = SceneDelegate.swift; sourceTree = "<group>"; };
		F050E2E3243E53FC004D12C4 /* ViewController.swift */ = {isa = PBXFileReference; lastKnownFileType = sourcecode.swift; path = ViewController.swift; sourceTree = "<group>"; };
		F050E2E6243E53FC004D12C4 /* Base */ = {isa = PBXFileReference; lastKnownFileType = file.storyboard; name = Base; path = Base.lproj/Main.storyboard; sourceTree = "<group>"; };
		F050E2E8243E53FF004D12C4 /* Assets.xcassets */ = {isa = PBXFileReference; lastKnownFileType = folder.assetcatalog; path = Assets.xcassets; sourceTree = "<group>"; };
		F050E2EB243E53FF004D12C4 /* Base */ = {isa = PBXFileReference; lastKnownFileType = file.storyboard; name = Base; path = Base.lproj/LaunchScreen.storyboard; sourceTree = "<group>"; };
		F050E2ED243E53FF004D12C4 /* Info.plist */ = {isa = PBXFileReference; lastKnownFileType = text.plist.xml; path = Info.plist; sourceTree = "<group>"; };
		F050E2F5243E649B004D12C4 /* DetailsViewController.swift */ = {isa = PBXFileReference; lastKnownFileType = sourcecode.swift; path = DetailsViewController.swift; sourceTree = "<group>"; };
		F050E2F7243E6C7D004D12C4 /* Country.swift */ = {isa = PBXFileReference; lastKnownFileType = sourcecode.swift; path = Country.swift; sourceTree = "<group>"; };
		F050E2F9243E6C87004D12C4 /* Countries.swift */ = {isa = PBXFileReference; lastKnownFileType = sourcecode.swift; path = Countries.swift; sourceTree = "<group>"; };
		F050E2FB243F7E09004D12C4 /* CountryInformation.json */ = {isa = PBXFileReference; fileEncoding = 4; lastKnownFileType = text.json; name = CountryInformation.json; path = ../../../../../Desktop/CountryInformation.json; sourceTree = "<group>"; };
/* End PBXFileReference section */

/* Begin PBXFrameworksBuildPhase section */
		F050E2D9243E53FC004D12C4 /* Frameworks */ = {
			isa = PBXFrameworksBuildPhase;
			buildActionMask = 2147483647;
			files = (
			);
			runOnlyForDeploymentPostprocessing = 0;
		};
/* End PBXFrameworksBuildPhase section */

/* Begin PBXGroup section */
		F050E2D3243E53FC004D12C4 = {
			isa = PBXGroup;
			children = (
				F050E2DE243E53FC004D12C4 /* Milestone-Project13-15 */,
				F050E2DD243E53FC004D12C4 /* Products */,
			);
			sourceTree = "<group>";
		};
		F050E2DD243E53FC004D12C4 /* Products */ = {
			isa = PBXGroup;
			children = (
				F050E2DC243E53FC004D12C4 /* Milestone-Project13-15.app */,
			);
			name = Products;
			sourceTree = "<group>";
		};
		F050E2DE243E53FC004D12C4 /* Milestone-Project13-15 */ = {
			isa = PBXGroup;
			children = (
				F050E2DF243E53FC004D12C4 /* AppDelegate.swift */,
				F050E2E1243E53FC004D12C4 /* SceneDelegate.swift */,
				F050E2F5243E649B004D12C4 /* DetailsViewController.swift */,
				F050E2F7243E6C7D004D12C4 /* Country.swift */,
				F050E2F9243E6C87004D12C4 /* Countries.swift */,
				F050E2E3243E53FC004D12C4 /* ViewController.swift */,
				F050E2E5243E53FC004D12C4 /* Main.storyboard */,
				F050E2E8243E53FF004D12C4 /* Assets.xcassets */,
				F050E2FB243F7E09004D12C4 /* CountryInformation.json */,
				F050E2EA243E53FF004D12C4 /* LaunchScreen.storyboard */,
				F050E2ED243E53FF004D12C4 /* Info.plist */,
			);
			path = "Milestone-Project13-15";
			sourceTree = "<group>";
		};
/* End PBXGroup section */

/* Begin PBXNativeTarget section */
		F050E2DB243E53FC004D12C4 /* Milestone-Project13-15 */ = {
			isa = PBXNativeTarget;
			buildConfigurationList = F050E2F0243E53FF004D12C4 /* Build configuration list for PBXNativeTarget "Milestone-Project13-15" */;
			buildPhases = (
				F050E2D8243E53FC004D12C4 /* Sources */,
				F050E2D9243E53FC004D12C4 /* Frameworks */,
				F050E2DA243E53FC004D12C4 /* Resources */,
			);
			buildRules = (
			);
			dependencies = (
			);
			name = "Milestone-Project13-15";
			productName = "Milestone-Project13-15";
			productReference = F050E2DC243E53FC004D12C4 /* Milestone-Project13-15.app */;
			productType = "com.apple.product-type.application";
		};
/* End PBXNativeTarget section */

/* Begin PBXProject section */
		F050E2D4243E53FC004D12C4 /* Project object */ = {
			isa = PBXProject;
			attributes = {
				LastSwiftUpdateCheck = 1130;
				LastUpgradeCheck = 1130;
				ORGANIZATIONNAME = "Kevin Ngo";
				TargetAttributes = {
					F050E2DB243E53FC004D12C4 = {
						CreatedOnToolsVersion = 11.3;
					};
				};
			};
			buildConfigurationList = F050E2D7243E53FC004D12C4 /* Build configuration list for PBXProject "Milestone-Project13-15" */;
			compatibilityVersion = "Xcode 9.3";
			developmentRegion = en;
			hasScannedForEncodings = 0;
			knownRegions = (
				en,
				Base,
			);
			mainGroup = F050E2D3243E53FC004D12C4;
			productRefGroup = F050E2DD243E53FC004D12C4 /* Products */;
			projectDirPath = "";
			projectRoot = "";
			targets = (
				F050E2DB243E53FC004D12C4 /* Milestone-Project13-15 */,
			);
		};
/* End PBXProject section */

/* Begin PBXResourcesBuildPhase section */
		F050E2DA243E53FC004D12C4 /* Resources */ = {
			isa = PBXResourcesBuildPhase;
			buildActionMask = 2147483647;
			files = (
				F050E2EC243E53FF004D12C4 /* LaunchScreen.storyboard in Resources */,
				F050E2FC243F7E09004D12C4 /* CountryInformation.json in Resources */,
				F050E2E9243E53FF004D12C4 /* Assets.xcassets in Resources */,
				F050E2E7243E53FC004D12C4 /* Main.storyboard in Resources */,
			);
			runOnlyForDeploymentPostprocessing = 0;
		};
/* End PBXResourcesBuildPhase section */

/* Begin PBXSourcesBuildPhase section */
		F050E2D8243E53FC004D12C4 /* Sources */ = {
			isa = PBXSourcesBuildPhase;
			buildActionMask = 2147483647;
			files = (
				F050E2E4243E53FC004D12C4 /* ViewController.swift in Sources */,
				F050E2E0243E53FC004D12C4 /* AppDelegate.swift in Sources */,
				F050E2E2243E53FC004D12C4 /* SceneDelegate.swift in Sources */,
				F050E2F8243E6C7D004D12C4 /* Country.swift in Sources */,
				F050E2FA243E6C87004D12C4 /* Countries.swift in Sources */,
				F050E2F6243E649B004D12C4 /* DetailsViewController.swift in Sources */,
			);
			runOnlyForDeploymentPostprocessing = 0;
		};
/* End PBXSourcesBuildPhase section */

/* Begin PBXVariantGroup section */
		F050E2E5243E53FC004D12C4 /* Main.storyboard */ = {
			isa = PBXVariantGroup;
			children = (
				F050E2E6243E53FC004D12C4 /* Base */,
			);
			name = Main.storyboard;
			sourceTree = "<group>";
		};
		F050E2EA243E53FF004D12C4 /* LaunchScreen.storyboard */ = {
			isa = PBXVariantGroup;
			children = (
				F050E2EB243E53FF004D12C4 /* Base */,
			);
			name = LaunchScreen.storyboard;
			sourceTree = "<group>";
		};
/* End PBXVariantGroup section */

/* Begin XCBuildConfiguration section */
		F050E2EE243E53FF004D12C4 /* Debug */ = {
			isa = XCBuildConfiguration;
			buildSettings = {
				ALWAYS_SEARCH_USER_PATHS = NO;
				CLANG_ANALYZER_NONNULL = YES;
				CLANG_ANALYZER_NUMBER_OBJECT_CONVERSION = YES_AGGRESSIVE;
				CLANG_CXX_LANGUAGE_STANDARD = "gnu++14";
				CLANG_CXX_LIBRARY = "libc++";
				CLANG_ENABLE_MODULES = YES;
				CLANG_ENABLE_OBJC_ARC = YES;
				CLANG_ENABLE_OBJC_WEAK = YES;
				CLANG_WARN_BLOCK_CAPTURE_AUTORELEASING = YES;
				CLANG_WARN_BOOL_CONVERSION = YES;
				CLANG_WARN_COMMA = YES;
				CLANG_WARN_CONSTANT_CONVERSION = YES;
				CLANG_WARN_DEPRECATED_OBJC_IMPLEMENTATIONS = YES;
				CLANG_WARN_DIRECT_OBJC_ISA_USAGE = YES_ERROR;
				CLANG_WARN_DOCUMENTATION_COMMENTS = YES;
				CLANG_WARN_EMPTY_BODY = YES;
				CLANG_WARN_ENUM_CONVERSION = YES;
				CLANG_WARN_INFINITE_RECURSION = YES;
				CLANG_WARN_INT_CONVERSION = YES;
				CLANG_WARN_NON_LITERAL_NULL_CONVERSION = YES;
				CLANG_WARN_OBJC_IMPLICIT_RETAIN_SELF = YES;
				CLANG_WARN_OBJC_LITERAL_CONVERSION = YES;
				CLANG_WARN_OBJC_ROOT_CLASS = YES_ERROR;
				CLANG_WARN_RANGE_LOOP_ANALYSIS = YES;
				CLANG_WARN_STRICT_PROTOTYPES = YES;
				CLANG_WARN_SUSPICIOUS_MOVE = YES;
				CLANG_WARN_UNGUARDED_AVAILABILITY = YES_AGGRESSIVE;
				CLANG_WARN_UNREACHABLE_CODE = YES;
				CLANG_WARN__DUPLICATE_METHOD_MATCH = YES;
				COPY_PHASE_STRIP = NO;
				DEBUG_INFORMATION_FORMAT = dwarf;
				ENABLE_STRICT_OBJC_MSGSEND = YES;
				ENABLE_TESTABILITY = YES;
				GCC_C_LANGUAGE_STANDARD = gnu11;
				GCC_DYNAMIC_NO_PIC = NO;
				GCC_NO_COMMON_BLOCKS = YES;
				GCC_OPTIMIZATION_LEVEL = 0;
				GCC_PREPROCESSOR_DEFINITIONS = (
					"DEBUG=1",
					"$(inherited)",
				);
				GCC_WARN_64_TO_32_BIT_CONVERSION = YES;
				GCC_WARN_ABOUT_RETURN_TYPE = YES_ERROR;
				GCC_WARN_UNDECLARED_SELECTOR = YES;
				GCC_WARN_UNINITIALIZED_AUTOS = YES_AGGRESSIVE;
				GCC_WARN_UNUSED_FUNCTION = YES;
				GCC_WARN_UNUSED_VARIABLE = YES;
				IPHONEOS_DEPLOYMENT_TARGET = 13.2;
				MTL_ENABLE_DEBUG_INFO = INCLUDE_SOURCE;
				MTL_FAST_MATH = YES;
				ONLY_ACTIVE_ARCH = YES;
				SDKROOT = iphoneos;
				SWIFT_ACTIVE_COMPILATION_CONDITIONS = DEBUG;
				SWIFT_OPTIMIZATION_LEVEL = "-Onone";
			};
			name = Debug;
		};
		F050E2EF243E53FF004D12C4 /* Release */ = {
			isa = XCBuildConfiguration;
			buildSettings = {
				ALWAYS_SEARCH_USER_PATHS = NO;
				CLANG_ANALYZER_NONNULL = YES;
				CLANG_ANALYZER_NUMBER_OBJECT_CONVERSION = YES_AGGRESSIVE;
				CLANG_CXX_LANGUAGE_STANDARD = "gnu++14";
				CLANG_CXX_LIBRARY = "libc++";
				CLANG_ENABLE_MODULES = YES;
				CLANG_ENABLE_OBJC_ARC = YES;
				CLANG_ENABLE_OBJC_WEAK = YES;
				CLANG_WARN_BLOCK_CAPTURE_AUTORELEASING = YES;
				CLANG_WARN_BOOL_CONVERSION = YES;
				CLANG_WARN_COMMA = YES;
				CLANG_WARN_CONSTANT_CONVERSION = YES;
				CLANG_WARN_DEPRECATED_OBJC_IMPLEMENTATIONS = YES;
				CLANG_WARN_DIRECT_OBJC_ISA_USAGE = YES_ERROR;
				CLANG_WARN_DOCUMENTATION_COMMENTS = YES;
				CLANG_WARN_EMPTY_BODY = YES;
				CLANG_WARN_ENUM_CONVERSION = YES;
				CLANG_WARN_INFINITE_RECURSION = YES;
				CLANG_WARN_INT_CONVERSION = YES;
				CLANG_WARN_NON_LITERAL_NULL_CONVERSION = YES;
				CLANG_WARN_OBJC_IMPLICIT_RETAIN_SELF = YES;
				CLANG_WARN_OBJC_LITERAL_CONVERSION = YES;
				CLANG_WARN_OBJC_ROOT_CLASS = YES_ERROR;
				CLANG_WARN_RANGE_LOOP_ANALYSIS = YES;
				CLANG_WARN_STRICT_PROTOTYPES = YES;
				CLANG_WARN_SUSPICIOUS_MOVE = YES;
				CLANG_WARN_UNGUARDED_AVAILABILITY = YES_AGGRESSIVE;
				CLANG_WARN_UNREACHABLE_CODE = YES;
				CLANG_WARN__DUPLICATE_METHOD_MATCH = YES;
				COPY_PHASE_STRIP = NO;
				DEBUG_INFORMATION_FORMAT = "dwarf-with-dsym";
				ENABLE_NS_ASSERTIONS = NO;
				ENABLE_STRICT_OBJC_MSGSEND = YES;
				GCC_C_LANGUAGE_STANDARD = gnu11;
				GCC_NO_COMMON_BLOCKS = YES;
				GCC_WARN_64_TO_32_BIT_CONVERSION = YES;
				GCC_WARN_ABOUT_RETURN_TYPE = YES_ERROR;
				GCC_WARN_UNDECLARED_SELECTOR = YES;
				GCC_WARN_UNINITIALIZED_AUTOS = YES_AGGRESSIVE;
				GCC_WARN_UNUSED_FUNCTION = YES;
				GCC_WARN_UNUSED_VARIABLE = YES;
				IPHONEOS_DEPLOYMENT_TARGET = 13.2;
				MTL_ENABLE_DEBUG_INFO = NO;
				MTL_FAST_MATH = YES;
				SDKROOT = iphoneos;
				SWIFT_COMPILATION_MODE = wholemodule;
				SWIFT_OPTIMIZATION_LEVEL = "-O";
				VALIDATE_PRODUCT = YES;
			};
			name = Release;
		};
		F050E2F1243E53FF004D12C4 /* Debug */ = {
			isa = XCBuildConfiguration;
			buildSettings = {
				ASSETCATALOG_COMPILER_APPICON_NAME = AppIcon;
				CODE_SIGN_STYLE = Automatic;
				DEVELOPMENT_TEAM = RN7VW6K2SU;
				INFOPLIST_FILE = "Milestone-Project13-15/Info.plist";
				LD_RUNPATH_SEARCH_PATHS = (
					"$(inherited)",
					"@executable_path/Frameworks",
				);
				PRODUCT_BUNDLE_IDENTIFIER = "com.kevinngo.Milestone-Project13-15";
				PRODUCT_NAME = "$(TARGET_NAME)";
				SWIFT_VERSION = 5.0;
				TARGETED_DEVICE_FAMILY = "1,2";
			};
			name = Debug;
		};
		F050E2F2243E53FF004D12C4 /* Release */ = {
			isa = XCBuildConfiguration;
			buildSettings = {
				ASSETCATALOG_COMPILER_APPICON_NAME = AppIcon;
				CODE_SIGN_STYLE = Automatic;
				DEVELOPMENT_TEAM = RN7VW6K2SU;
				INFOPLIST_FILE = "Milestone-Project13-15/Info.plist";
				LD_RUNPATH_SEARCH_PATHS = (
					"$(inherited)",
					"@executable_path/Frameworks",
				);
				PRODUCT_BUNDLE_IDENTIFIER = "com.kevinngo.Milestone-Project13-15";
				PRODUCT_NAME = "$(TARGET_NAME)";
				SWIFT_VERSION = 5.0;
				TARGETED_DEVICE_FAMILY = "1,2";
			};
			name = Release;
		};
/* End XCBuildConfiguration section */

/* Begin XCConfigurationList section */
		F050E2D7243E53FC004D12C4 /* Build configuration list for PBXProject "Milestone-Project13-15" */ = {
			isa = XCConfigurationList;
			buildConfigurations = (
				F050E2EE243E53FF004D12C4 /* Debug */,
				F050E2EF243E53FF004D12C4 /* Release */,
			);
			defaultConfigurationIsVisible = 0;
			defaultConfigurationName = Release;
		};
		F050E2F0243E53FF004D12C4 /* Build configuration list for PBXNativeTarget "Milestone-Project13-15" */ = {
			isa = XCConfigurationList;
			buildConfigurations = (
				F050E2F1243E53FF004D12C4 /* Debug */,
				F050E2F2243E53FF004D12C4 /* Release */,
			);
			defaultConfigurationIsVisible = 0;
			defaultConfigurationName = Release;
		};
/* End XCConfigurationList section */
	};
	rootObject = F050E2D4243E53FC004D12C4 /* Project object */;
}
