// !$*UTF8*$!
{
	archiveVersion = 1;
	classes = {
	};
	objectVersion = 50;
	objects = {

/* Begin PBXBuildFile section */
		F0D70F8D2459C8C900DBBCBD /* AppDelegate.swift in Sources */ = {isa = PBXBuildFile; fileRef = F0D70F8C2459C8C900DBBCBD /* AppDelegate.swift */; };
		F0D70F8F2459C8C900DBBCBD /* GameScene.sks in Resources */ = {isa = PBXBuildFile; fileRef = F0D70F8E2459C8C900DBBCBD /* GameScene.sks */; };
		F0D70F912459C8C900DBBCBD /* Actions.sks in Resources */ = {isa = PBXBuildFile; fileRef = F0D70F902459C8C900DBBCBD /* Actions.sks */; };
		F0D70F932459C8C900DBBCBD /* GameScene.swift in Sources */ = {isa = PBXBuildFile; fileRef = F0D70F922459C8C900DBBCBD /* GameScene.swift */; };
		F0D70F952459C8C900DBBCBD /* GameViewController.swift in Sources */ = {isa = PBXBuildFile; fileRef = F0D70F942459C8C900DBBCBD /* GameViewController.swift */; };
		F0D70F982459C8C900DBBCBD /* Main.storyboard in Resources */ = {isa = PBXBuildFile; fileRef = F0D70F962459C8C900DBBCBD /* Main.storyboard */; };
		F0D70F9A2459C8CB00DBBCBD /* Assets.xcassets in Resources */ = {isa = PBXBuildFile; fileRef = F0D70F992459C8CB00DBBCBD /* Assets.xcassets */; };
		F0D70F9D2459C8CB00DBBCBD /* LaunchScreen.storyboard in Resources */ = {isa = PBXBuildFile; fileRef = F0D70F9B2459C8CB00DBBCBD /* LaunchScreen.storyboard */; };
		F0D70FAC2459E03100DBBCBD /* finish@2x.png in Resources */ = {isa = PBXBuildFile; fileRef = F0D70FA52459E03000DBBCBD /* finish@2x.png */; };
		F0D70FAD2459E03100DBBCBD /* level1.txt in Resources */ = {isa = PBXBuildFile; fileRef = F0D70FA62459E03000DBBCBD /* level1.txt */; };
		F0D70FAE2459E03100DBBCBD /* star@2x.png in Resources */ = {isa = PBXBuildFile; fileRef = F0D70FA72459E03000DBBCBD /* star@2x.png */; };
		F0D70FAF2459E03100DBBCBD /* player@2x.png in Resources */ = {isa = PBXBuildFile; fileRef = F0D70FA82459E03000DBBCBD /* player@2x.png */; };
		F0D70FB02459E03100DBBCBD /* block@2x.png in Resources */ = {isa = PBXBuildFile; fileRef = F0D70FA92459E03000DBBCBD /* block@2x.png */; };
		F0D70FB12459E03100DBBCBD /* vortex@2x.png in Resources */ = {isa = PBXBuildFile; fileRef = F0D70FAA2459E03000DBBCBD /* vortex@2x.png */; };
		F0D70FB22459E03100DBBCBD /* background@2x.jpg in Resources */ = {isa = PBXBuildFile; fileRef = F0D70FAB2459E03000DBBCBD /* background@2x.jpg */; };
/* End PBXBuildFile section */

/* Begin PBXFileReference section */
		F0D70F892459C8C900DBBCBD /* Project26.app */ = {isa = PBXFileReference; explicitFileType = wrapper.application; includeInIndex = 0; path = Project26.app; sourceTree = BUILT_PRODUCTS_DIR; };
		F0D70F8C2459C8C900DBBCBD /* AppDelegate.swift */ = {isa = PBXFileReference; lastKnownFileType = sourcecode.swift; path = AppDelegate.swift; sourceTree = "<group>"; };
		F0D70F8E2459C8C900DBBCBD /* GameScene.sks */ = {isa = PBXFileReference; lastKnownFileType = file.sks; path = GameScene.sks; sourceTree = "<group>"; };
		F0D70F902459C8C900DBBCBD /* Actions.sks */ = {isa = PBXFileReference; lastKnownFileType = file.sks; path = Actions.sks; sourceTree = "<group>"; };
		F0D70F922459C8C900DBBCBD /* GameScene.swift */ = {isa = PBXFileReference; lastKnownFileType = sourcecode.swift; path = GameScene.swift; sourceTree = "<group>"; };
		F0D70F942459C8C900DBBCBD /* GameViewController.swift */ = {isa = PBXFileReference; lastKnownFileType = sourcecode.swift; path = GameViewController.swift; sourceTree = "<group>"; };
		F0D70F972459C8C900DBBCBD /* Base */ = {isa = PBXFileReference; lastKnownFileType = file.storyboard; name = Base; path = Base.lproj/Main.storyboard; sourceTree = "<group>"; };
		F0D70F992459C8CB00DBBCBD /* Assets.xcassets */ = {isa = PBXFileReference; lastKnownFileType = folder.assetcatalog; path = Assets.xcassets; sourceTree = "<group>"; };
		F0D70F9C2459C8CB00DBBCBD /* Base */ = {isa = PBXFileReference; lastKnownFileType = file.storyboard; name = Base; path = Base.lproj/LaunchScreen.storyboard; sourceTree = "<group>"; };
		F0D70F9E2459C8CB00DBBCBD /* Info.plist */ = {isa = PBXFileReference; lastKnownFileType = text.plist.xml; path = Info.plist; sourceTree = "<group>"; };
		F0D70FA52459E03000DBBCBD /* finish@2x.png */ = {isa = PBXFileReference; lastKnownFileType = image.png; path = "finish@2x.png"; sourceTree = "<group>"; };
		F0D70FA62459E03000DBBCBD /* level1.txt */ = {isa = PBXFileReference; fileEncoding = 4; lastKnownFileType = text; path = level1.txt; sourceTree = "<group>"; };
		F0D70FA72459E03000DBBCBD /* star@2x.png */ = {isa = PBXFileReference; lastKnownFileType = image.png; path = "star@2x.png"; sourceTree = "<group>"; };
		F0D70FA82459E03000DBBCBD /* player@2x.png */ = {isa = PBXFileReference; lastKnownFileType = image.png; path = "player@2x.png"; sourceTree = "<group>"; };
		F0D70FA92459E03000DBBCBD /* block@2x.png */ = {isa = PBXFileReference; lastKnownFileType = image.png; path = "block@2x.png"; sourceTree = "<group>"; };
		F0D70FAA2459E03000DBBCBD /* vortex@2x.png */ = {isa = PBXFileReference; lastKnownFileType = image.png; path = "vortex@2x.png"; sourceTree = "<group>"; };
		F0D70FAB2459E03000DBBCBD /* background@2x.jpg */ = {isa = PBXFileReference; lastKnownFileType = image.jpeg; path = "background@2x.jpg"; sourceTree = "<group>"; };
/* End PBXFileReference section */

/* Begin PBXFrameworksBuildPhase section */
		F0D70F862459C8C900DBBCBD /* Frameworks */ = {
			isa = PBXFrameworksBuildPhase;
			buildActionMask = 2147483647;
			files = (
			);
			runOnlyForDeploymentPostprocessing = 0;
		};
/* End PBXFrameworksBuildPhase section */

/* Begin PBXGroup section */
		F0D70F802459C8C900DBBCBD = {
			isa = PBXGroup;
			children = (
				F0D70F8B2459C8C900DBBCBD /* Project26 */,
				F0D70F8A2459C8C900DBBCBD /* Products */,
			);
			sourceTree = "<group>";
		};
		F0D70F8A2459C8C900DBBCBD /* Products */ = {
			isa = PBXGroup;
			children = (
				F0D70F892459C8C900DBBCBD /* Project26.app */,
			);
			name = Products;
			sourceTree = "<group>";
		};
		F0D70F8B2459C8C900DBBCBD /* Project26 */ = {
			isa = PBXGroup;
			children = (
				F0D70F8C2459C8C900DBBCBD /* AppDelegate.swift */,
				F0D70F8E2459C8C900DBBCBD /* GameScene.sks */,
				F0D70F902459C8C900DBBCBD /* Actions.sks */,
				F0D70F922459C8C900DBBCBD /* GameScene.swift */,
				F0D70F942459C8C900DBBCBD /* GameViewController.swift */,
				F0D70F962459C8C900DBBCBD /* Main.storyboard */,
				F0D70F992459C8CB00DBBCBD /* Assets.xcassets */,
				F0D70FA42459E03000DBBCBD /* Content */,
				F0D70F9B2459C8CB00DBBCBD /* LaunchScreen.storyboard */,
				F0D70F9E2459C8CB00DBBCBD /* Info.plist */,
			);
			path = Project26;
			sourceTree = "<group>";
		};
		F0D70FA42459E03000DBBCBD /* Content */ = {
			isa = PBXGroup;
			children = (
				F0D70FA52459E03000DBBCBD /* finish@2x.png */,
				F0D70FA62459E03000DBBCBD /* level1.txt */,
				F0D70FA72459E03000DBBCBD /* star@2x.png */,
				F0D70FA82459E03000DBBCBD /* player@2x.png */,
				F0D70FA92459E03000DBBCBD /* block@2x.png */,
				F0D70FAA2459E03000DBBCBD /* vortex@2x.png */,
				F0D70FAB2459E03000DBBCBD /* background@2x.jpg */,
			);
			path = Content;
			sourceTree = "<group>";
		};
/* End PBXGroup section */

/* Begin PBXNativeTarget section */
		F0D70F882459C8C900DBBCBD /* Project26 */ = {
			isa = PBXNativeTarget;
			buildConfigurationList = F0D70FA12459C8CB00DBBCBD /* Build configuration list for PBXNativeTarget "Project26" */;
			buildPhases = (
				F0D70F852459C8C900DBBCBD /* Sources */,
				F0D70F862459C8C900DBBCBD /* Frameworks */,
				F0D70F872459C8C900DBBCBD /* Resources */,
			);
			buildRules = (
			);
			dependencies = (
			);
			name = Project26;
			productName = Project26;
			productReference = F0D70F892459C8C900DBBCBD /* Project26.app */;
			productType = "com.apple.product-type.application";
		};
/* End PBXNativeTarget section */

/* Begin PBXProject section */
		F0D70F812459C8C900DBBCBD /* Project object */ = {
			isa = PBXProject;
			attributes = {
				LastSwiftUpdateCheck = 1140;
				LastUpgradeCheck = 1140;
				ORGANIZATIONNAME = "Kevin Ngo";
				TargetAttributes = {
					F0D70F882459C8C900DBBCBD = {
						CreatedOnToolsVersion = 11.4.1;
					};
				};
			};
			buildConfigurationList = F0D70F842459C8C900DBBCBD /* Build configuration list for PBXProject "Project26" */;
			compatibilityVersion = "Xcode 9.3";
			developmentRegion = en;
			hasScannedForEncodings = 0;
			knownRegions = (
				en,
				Base,
			);
			mainGroup = F0D70F802459C8C900DBBCBD;
			productRefGroup = F0D70F8A2459C8C900DBBCBD /* Products */;
			projectDirPath = "";
			projectRoot = "";
			targets = (
				F0D70F882459C8C900DBBCBD /* Project26 */,
			);
		};
/* End PBXProject section */

/* Begin PBXResourcesBuildPhase section */
		F0D70F872459C8C900DBBCBD /* Resources */ = {
			isa = PBXResourcesBuildPhase;
			buildActionMask = 2147483647;
			files = (
				F0D70FB12459E03100DBBCBD /* vortex@2x.png in Resources */,
				F0D70F982459C8C900DBBCBD /* Main.storyboard in Resources */,
				F0D70F8F2459C8C900DBBCBD /* GameScene.sks in Resources */,
				F0D70FAE2459E03100DBBCBD /* star@2x.png in Resources */,
				F0D70FAD2459E03100DBBCBD /* level1.txt in Resources */,
				F0D70F9A2459C8CB00DBBCBD /* Assets.xcassets in Resources */,
				F0D70FAC2459E03100DBBCBD /* finish@2x.png in Resources */,
				F0D70FB02459E03100DBBCBD /* block@2x.png in Resources */,
				F0D70F9D2459C8CB00DBBCBD /* LaunchScreen.storyboard in Resources */,
				F0D70FAF2459E03100DBBCBD /* player@2x.png in Resources */,
				F0D70FB22459E03100DBBCBD /* background@2x.jpg in Resources */,
				F0D70F912459C8C900DBBCBD /* Actions.sks in Resources */,
			);
			runOnlyForDeploymentPostprocessing = 0;
		};
/* End PBXResourcesBuildPhase section */

/* Begin PBXSourcesBuildPhase section */
		F0D70F852459C8C900DBBCBD /* Sources */ = {
			isa = PBXSourcesBuildPhase;
			buildActionMask = 2147483647;
			files = (
				F0D70F932459C8C900DBBCBD /* GameScene.swift in Sources */,
				F0D70F952459C8C900DBBCBD /* GameViewController.swift in Sources */,
				F0D70F8D2459C8C900DBBCBD /* AppDelegate.swift in Sources */,
			);
			runOnlyForDeploymentPostprocessing = 0;
		};
/* End PBXSourcesBuildPhase section */

/* Begin PBXVariantGroup section */
		F0D70F962459C8C900DBBCBD /* Main.storyboard */ = {
			isa = PBXVariantGroup;
			children = (
				F0D70F972459C8C900DBBCBD /* Base */,
			);
			name = Main.storyboard;
			sourceTree = "<group>";
		};
		F0D70F9B2459C8CB00DBBCBD /* LaunchScreen.storyboard */ = {
			isa = PBXVariantGroup;
			children = (
				F0D70F9C2459C8CB00DBBCBD /* Base */,
			);
			name = LaunchScreen.storyboard;
			sourceTree = "<group>";
		};
/* End PBXVariantGroup section */

/* Begin XCBuildConfiguration section */
		F0D70F9F2459C8CB00DBBCBD /* Debug */ = {
			isa = XCBuildConfiguration;
			buildSettings = {
				ALWAYS_SEARCH_USER_PATHS = NO;
				CLANG_ANALYZER_NONNULL = YES;
				CLANG_ANALYZER_NUMBER_OBJECT_CONVERSION = YES_AGGRESSIVE;
				CLANG_CXX_LANGUAGE_STANDARD = "gnu++14";
				CLANG_CXX_LIBRARY = "libc++";
				CLANG_ENABLE_MODULES = YES;
				CLANG_ENABLE_OBJC_ARC = YES;
				CLANG_ENABLE_OBJC_WEAK = YES;
				CLANG_WARN_BLOCK_CAPTURE_AUTORELEASING = YES;
				CLANG_WARN_BOOL_CONVERSION = YES;
				CLANG_WARN_COMMA = YES;
				CLANG_WARN_CONSTANT_CONVERSION = YES;
				CLANG_WARN_DEPRECATED_OBJC_IMPLEMENTATIONS = YES;
				CLANG_WARN_DIRECT_OBJC_ISA_USAGE = YES_ERROR;
				CLANG_WARN_DOCUMENTATION_COMMENTS = YES;
				CLANG_WARN_EMPTY_BODY = YES;
				CLANG_WARN_ENUM_CONVERSION = YES;
				CLANG_WARN_INFINITE_RECURSION = YES;
				CLANG_WARN_INT_CONVERSION = YES;
				CLANG_WARN_NON_LITERAL_NULL_CONVERSION = YES;
				CLANG_WARN_OBJC_IMPLICIT_RETAIN_SELF = YES;
				CLANG_WARN_OBJC_LITERAL_CONVERSION = YES;
				CLANG_WARN_OBJC_ROOT_CLASS = YES_ERROR;
				CLANG_WARN_RANGE_LOOP_ANALYSIS = YES;
				CLANG_WARN_STRICT_PROTOTYPES = YES;
				CLANG_WARN_SUSPICIOUS_MOVE = YES;
				CLANG_WARN_UNGUARDED_AVAILABILITY = YES_AGGRESSIVE;
				CLANG_WARN_UNREACHABLE_CODE = YES;
				CLANG_WARN__DUPLICATE_METHOD_MATCH = YES;
				COPY_PHASE_STRIP = NO;
				DEBUG_INFORMATION_FORMAT = dwarf;
				ENABLE_STRICT_OBJC_MSGSEND = YES;
				ENABLE_TESTABILITY = YES;
				GCC_C_LANGUAGE_STANDARD = gnu11;
				GCC_DYNAMIC_NO_PIC = NO;
				GCC_NO_COMMON_BLOCKS = YES;
				GCC_OPTIMIZATION_LEVEL = 0;
				GCC_PREPROCESSOR_DEFINITIONS = (
					"DEBUG=1",
					"$(inherited)",
				);
				GCC_WARN_64_TO_32_BIT_CONVERSION = YES;
				GCC_WARN_ABOUT_RETURN_TYPE = YES_ERROR;
				GCC_WARN_UNDECLARED_SELECTOR = YES;
				GCC_WARN_UNINITIALIZED_AUTOS = YES_AGGRESSIVE;
				GCC_WARN_UNUSED_FUNCTION = YES;
				GCC_WARN_UNUSED_VARIABLE = YES;
				IPHONEOS_DEPLOYMENT_TARGET = 13.4;
				MTL_ENABLE_DEBUG_INFO = INCLUDE_SOURCE;
				MTL_FAST_MATH = YES;
				ONLY_ACTIVE_ARCH = YES;
				SDKROOT = iphoneos;
				SWIFT_ACTIVE_COMPILATION_CONDITIONS = DEBUG;
				SWIFT_OPTIMIZATION_LEVEL = "-Onone";
			};
			name = Debug;
		};
		F0D70FA02459C8CB00DBBCBD /* Release */ = {
			isa = XCBuildConfiguration;
			buildSettings = {
				ALWAYS_SEARCH_USER_PATHS = NO;
				CLANG_ANALYZER_NONNULL = YES;
				CLANG_ANALYZER_NUMBER_OBJECT_CONVERSION = YES_AGGRESSIVE;
				CLANG_CXX_LANGUAGE_STANDARD = "gnu++14";
				CLANG_CXX_LIBRARY = "libc++";
				CLANG_ENABLE_MODULES = YES;
				CLANG_ENABLE_OBJC_ARC = YES;
				CLANG_ENABLE_OBJC_WEAK = YES;
				CLANG_WARN_BLOCK_CAPTURE_AUTORELEASING = YES;
				CLANG_WARN_BOOL_CONVERSION = YES;
				CLANG_WARN_COMMA = YES;
				CLANG_WARN_CONSTANT_CONVERSION = YES;
				CLANG_WARN_DEPRECATED_OBJC_IMPLEMENTATIONS = YES;
				CLANG_WARN_DIRECT_OBJC_ISA_USAGE = YES_ERROR;
				CLANG_WARN_DOCUMENTATION_COMMENTS = YES;
				CLANG_WARN_EMPTY_BODY = YES;
				CLANG_WARN_ENUM_CONVERSION = YES;
				CLANG_WARN_INFINITE_RECURSION = YES;
				CLANG_WARN_INT_CONVERSION = YES;
				CLANG_WARN_NON_LITERAL_NULL_CONVERSION = YES;
				CLANG_WARN_OBJC_IMPLICIT_RETAIN_SELF = YES;
				CLANG_WARN_OBJC_LITERAL_CONVERSION = YES;
				CLANG_WARN_OBJC_ROOT_CLASS = YES_ERROR;
				CLANG_WARN_RANGE_LOOP_ANALYSIS = YES;
				CLANG_WARN_STRICT_PROTOTYPES = YES;
				CLANG_WARN_SUSPICIOUS_MOVE = YES;
				CLANG_WARN_UNGUARDED_AVAILABILITY = YES_AGGRESSIVE;
				CLANG_WARN_UNREACHABLE_CODE = YES;
				CLANG_WARN__DUPLICATE_METHOD_MATCH = YES;
				COPY_PHASE_STRIP = NO;
				DEBUG_INFORMATION_FORMAT = "dwarf-with-dsym";
				ENABLE_NS_ASSERTIONS = NO;
				ENABLE_STRICT_OBJC_MSGSEND = YES;
				GCC_C_LANGUAGE_STANDARD = gnu11;
				GCC_NO_COMMON_BLOCKS = YES;
				GCC_WARN_64_TO_32_BIT_CONVERSION = YES;
				GCC_WARN_ABOUT_RETURN_TYPE = YES_ERROR;
				GCC_WARN_UNDECLARED_SELECTOR = YES;
				GCC_WARN_UNINITIALIZED_AUTOS = YES_AGGRESSIVE;
				GCC_WARN_UNUSED_FUNCTION = YES;
				GCC_WARN_UNUSED_VARIABLE = YES;
				IPHONEOS_DEPLOYMENT_TARGET = 13.4;
				MTL_ENABLE_DEBUG_INFO = NO;
				MTL_FAST_MATH = YES;
				SDKROOT = iphoneos;
				SWIFT_COMPILATION_MODE = wholemodule;
				SWIFT_OPTIMIZATION_LEVEL = "-O";
				VALIDATE_PRODUCT = YES;
			};
			name = Release;
		};
		F0D70FA22459C8CB00DBBCBD /* Debug */ = {
			isa = XCBuildConfiguration;
			buildSettings = {
				ASSETCATALOG_COMPILER_APPICON_NAME = AppIcon;
				CODE_SIGN_STYLE = Automatic;
				DEVELOPMENT_TEAM = RN7VW6K2SU;
				INFOPLIST_FILE = Project26/Info.plist;
				LD_RUNPATH_SEARCH_PATHS = (
					"$(inherited)",
					"@executable_path/Frameworks",
				);
				PRODUCT_BUNDLE_IDENTIFIER = com.kevinngo.Project26;
				PRODUCT_NAME = "$(TARGET_NAME)";
				SWIFT_VERSION = 5.0;
				TARGETED_DEVICE_FAMILY = 2;
			};
			name = Debug;
		};
		F0D70FA32459C8CB00DBBCBD /* Release */ = {
			isa = XCBuildConfiguration;
			buildSettings = {
				ASSETCATALOG_COMPILER_APPICON_NAME = AppIcon;
				CODE_SIGN_STYLE = Automatic;
				DEVELOPMENT_TEAM = RN7VW6K2SU;
				INFOPLIST_FILE = Project26/Info.plist;
				LD_RUNPATH_SEARCH_PATHS = (
					"$(inherited)",
					"@executable_path/Frameworks",
				);
				PRODUCT_BUNDLE_IDENTIFIER = com.kevinngo.Project26;
				PRODUCT_NAME = "$(TARGET_NAME)";
				SWIFT_VERSION = 5.0;
				TARGETED_DEVICE_FAMILY = 2;
			};
			name = Release;
		};
/* End XCBuildConfiguration section */

/* Begin XCConfigurationList section */
		F0D70F842459C8C900DBBCBD /* Build configuration list for PBXProject "Project26" */ = {
			isa = XCConfigurationList;
			buildConfigurations = (
				F0D70F9F2459C8CB00DBBCBD /* Debug */,
				F0D70FA02459C8CB00DBBCBD /* Release */,
			);
			defaultConfigurationIsVisible = 0;
			defaultConfigurationName = Release;
		};
		F0D70FA12459C8CB00DBBCBD /* Build configuration list for PBXNativeTarget "Project26" */ = {
			isa = XCConfigurationList;
			buildConfigurations = (
				F0D70FA22459C8CB00DBBCBD /* Debug */,
				F0D70FA32459C8CB00DBBCBD /* Release */,
			);
			defaultConfigurationIsVisible = 0;
			defaultConfigurationName = Release;
		};
/* End XCConfigurationList section */
	};
	rootObject = F0D70F812459C8C900DBBCBD /* Project object */;
}
