// !$*UTF8*$!
{
	archiveVersion = 1;
	classes = {
	};
	objectVersion = 50;
	objects = {

/* Begin PBXBuildFile section */
		F0D70E9A244F821100DBBCBD /* AppDelegate.swift in Sources */ = {isa = PBXBuildFile; fileRef = F0D70E99244F821100DBBCBD /* AppDelegate.swift */; };
		F0D70E9C244F821100DBBCBD /* SceneDelegate.swift in Sources */ = {isa = PBXBuildFile; fileRef = F0D70E9B244F821100DBBCBD /* SceneDelegate.swift */; };
		F0D70E9E244F821100DBBCBD /* ViewController.swift in Sources */ = {isa = PBXBuildFile; fileRef = F0D70E9D244F821100DBBCBD /* ViewController.swift */; };
		F0D70EA1244F821100DBBCBD /* Main.storyboard in Resources */ = {isa = PBXBuildFile; fileRef = F0D70E9F244F821100DBBCBD /* Main.storyboard */; };
		F0D70EA3244F821400DBBCBD /* Assets.xcassets in Resources */ = {isa = PBXBuildFile; fileRef = F0D70EA2244F821400DBBCBD /* Assets.xcassets */; };
		F0D70EA6244F821400DBBCBD /* LaunchScreen.storyboard in Resources */ = {isa = PBXBuildFile; fileRef = F0D70EA4244F821400DBBCBD /* LaunchScreen.storyboard */; };
		F0D70EB0244F89BA00DBBCBD /* NoteTableViewCell.swift in Sources */ = {isa = PBXBuildFile; fileRef = F0D70EAF244F89BA00DBBCBD /* NoteTableViewCell.swift */; };
		F0D70EB22450EE1300DBBCBD /* DetailViewController.swift in Sources */ = {isa = PBXBuildFile; fileRef = F0D70EB12450EE1300DBBCBD /* DetailViewController.swift */; };
		F0D70EB42450F07D00DBBCBD /* Note.swift in Sources */ = {isa = PBXBuildFile; fileRef = F0D70EB32450F07D00DBBCBD /* Note.swift */; };
/* End PBXBuildFile section */

/* Begin PBXFileReference section */
		F0D70E96244F821100DBBCBD /* Milestone-Project19-21.app */ = {isa = PBXFileReference; explicitFileType = wrapper.application; includeInIndex = 0; path = "Milestone-Project19-21.app"; sourceTree = BUILT_PRODUCTS_DIR; };
		F0D70E99244F821100DBBCBD /* AppDelegate.swift */ = {isa = PBXFileReference; lastKnownFileType = sourcecode.swift; path = AppDelegate.swift; sourceTree = "<group>"; };
		F0D70E9B244F821100DBBCBD /* SceneDelegate.swift */ = {isa = PBXFileReference; lastKnownFileType = sourcecode.swift; path = SceneDelegate.swift; sourceTree = "<group>"; };
		F0D70E9D244F821100DBBCBD /* ViewController.swift */ = {isa = PBXFileReference; lastKnownFileType = sourcecode.swift; path = ViewController.swift; sourceTree = "<group>"; };
		F0D70EA0244F821100DBBCBD /* Base */ = {isa = PBXFileReference; lastKnownFileType = file.storyboard; name = Base; path = Base.lproj/Main.storyboard; sourceTree = "<group>"; };
		F0D70EA2244F821400DBBCBD /* Assets.xcassets */ = {isa = PBXFileReference; lastKnownFileType = folder.assetcatalog; path = Assets.xcassets; sourceTree = "<group>"; };
		F0D70EA5244F821400DBBCBD /* Base */ = {isa = PBXFileReference; lastKnownFileType = file.storyboard; name = Base; path = Base.lproj/LaunchScreen.storyboard; sourceTree = "<group>"; };
		F0D70EA7244F821400DBBCBD /* Info.plist */ = {isa = PBXFileReference; lastKnownFileType = text.plist.xml; path = Info.plist; sourceTree = "<group>"; };
		F0D70EAF244F89BA00DBBCBD /* NoteTableViewCell.swift */ = {isa = PBXFileReference; lastKnownFileType = sourcecode.swift; path = NoteTableViewCell.swift; sourceTree = "<group>"; };
		F0D70EB12450EE1300DBBCBD /* DetailViewController.swift */ = {isa = PBXFileReference; lastKnownFileType = sourcecode.swift; path = DetailViewController.swift; sourceTree = "<group>"; };
		F0D70EB32450F07D00DBBCBD /* Note.swift */ = {isa = PBXFileReference; lastKnownFileType = sourcecode.swift; path = Note.swift; sourceTree = "<group>"; };
/* End PBXFileReference section */

/* Begin PBXFrameworksBuildPhase section */
		F0D70E93244F821100DBBCBD /* Frameworks */ = {
			isa = PBXFrameworksBuildPhase;
			buildActionMask = 2147483647;
			files = (
			);
			runOnlyForDeploymentPostprocessing = 0;
		};
/* End PBXFrameworksBuildPhase section */

/* Begin PBXGroup section */
		F0D70E8D244F821100DBBCBD = {
			isa = PBXGroup;
			children = (
				F0D70E98244F821100DBBCBD /* Milestone-Project19-21 */,
				F0D70E97244F821100DBBCBD /* Products */,
			);
			sourceTree = "<group>";
		};
		F0D70E97244F821100DBBCBD /* Products */ = {
			isa = PBXGroup;
			children = (
				F0D70E96244F821100DBBCBD /* Milestone-Project19-21.app */,
			);
			name = Products;
			sourceTree = "<group>";
		};
		F0D70E98244F821100DBBCBD /* Milestone-Project19-21 */ = {
			isa = PBXGroup;
			children = (
				F0D70E99244F821100DBBCBD /* AppDelegate.swift */,
				F0D70E9B244F821100DBBCBD /* SceneDelegate.swift */,
				F0D70E9D244F821100DBBCBD /* ViewController.swift */,
				F0D70EB12450EE1300DBBCBD /* DetailViewController.swift */,
				F0D70EAF244F89BA00DBBCBD /* NoteTableViewCell.swift */,
				F0D70E9F244F821100DBBCBD /* Main.storyboard */,
				F0D70EB32450F07D00DBBCBD /* Note.swift */,
				F0D70EA2244F821400DBBCBD /* Assets.xcassets */,
				F0D70EA4244F821400DBBCBD /* LaunchScreen.storyboard */,
				F0D70EA7244F821400DBBCBD /* Info.plist */,
			);
			path = "Milestone-Project19-21";
			sourceTree = "<group>";
		};
/* End PBXGroup section */

/* Begin PBXNativeTarget section */
		F0D70E95244F821100DBBCBD /* Milestone-Project19-21 */ = {
			isa = PBXNativeTarget;
			buildConfigurationList = F0D70EAA244F821400DBBCBD /* Build configuration list for PBXNativeTarget "Milestone-Project19-21" */;
			buildPhases = (
				F0D70E92244F821100DBBCBD /* Sources */,
				F0D70E93244F821100DBBCBD /* Frameworks */,
				F0D70E94244F821100DBBCBD /* Resources */,
			);
			buildRules = (
			);
			dependencies = (
			);
			name = "Milestone-Project19-21";
			productName = "Milestone-Project19-21";
			productReference = F0D70E96244F821100DBBCBD /* Milestone-Project19-21.app */;
			productType = "com.apple.product-type.application";
		};
/* End PBXNativeTarget section */

/* Begin PBXProject section */
		F0D70E8E244F821100DBBCBD /* Project object */ = {
			isa = PBXProject;
			attributes = {
				LastSwiftUpdateCheck = 1140;
				LastUpgradeCheck = 1140;
				ORGANIZATIONNAME = "Kevin Ngo";
				TargetAttributes = {
					F0D70E95244F821100DBBCBD = {
						CreatedOnToolsVersion = 11.4.1;
					};
				};
			};
			buildConfigurationList = F0D70E91244F821100DBBCBD /* Build configuration list for PBXProject "Milestone-Project19-21" */;
			compatibilityVersion = "Xcode 9.3";
			developmentRegion = en;
			hasScannedForEncodings = 0;
			knownRegions = (
				en,
				Base,
			);
			mainGroup = F0D70E8D244F821100DBBCBD;
			productRefGroup = F0D70E97244F821100DBBCBD /* Products */;
			projectDirPath = "";
			projectRoot = "";
			targets = (
				F0D70E95244F821100DBBCBD /* Milestone-Project19-21 */,
			);
		};
/* End PBXProject section */

/* Begin PBXResourcesBuildPhase section */
		F0D70E94244F821100DBBCBD /* Resources */ = {
			isa = PBXResourcesBuildPhase;
			buildActionMask = 2147483647;
			files = (
				F0D70EA6244F821400DBBCBD /* LaunchScreen.storyboard in Resources */,
				F0D70EA3244F821400DBBCBD /* Assets.xcassets in Resources */,
				F0D70EA1244F821100DBBCBD /* Main.storyboard in Resources */,
			);
			runOnlyForDeploymentPostprocessing = 0;
		};
/* End PBXResourcesBuildPhase section */

/* Begin PBXSourcesBuildPhase section */
		F0D70E92244F821100DBBCBD /* Sources */ = {
			isa = PBXSourcesBuildPhase;
			buildActionMask = 2147483647;
			files = (
				F0D70E9E244F821100DBBCBD /* ViewController.swift in Sources */,
				F0D70E9A244F821100DBBCBD /* AppDelegate.swift in Sources */,
				F0D70EB22450EE1300DBBCBD /* DetailViewController.swift in Sources */,
				F0D70E9C244F821100DBBCBD /* SceneDelegate.swift in Sources */,
				F0D70EB0244F89BA00DBBCBD /* NoteTableViewCell.swift in Sources */,
				F0D70EB42450F07D00DBBCBD /* Note.swift in Sources */,
			);
			runOnlyForDeploymentPostprocessing = 0;
		};
/* End PBXSourcesBuildPhase section */

/* Begin PBXVariantGroup section */
		F0D70E9F244F821100DBBCBD /* Main.storyboard */ = {
			isa = PBXVariantGroup;
			children = (
				F0D70EA0244F821100DBBCBD /* Base */,
			);
			name = Main.storyboard;
			sourceTree = "<group>";
		};
		F0D70EA4244F821400DBBCBD /* LaunchScreen.storyboard */ = {
			isa = PBXVariantGroup;
			children = (
				F0D70EA5244F821400DBBCBD /* Base */,
			);
			name = LaunchScreen.storyboard;
			sourceTree = "<group>";
		};
/* End PBXVariantGroup section */

/* Begin XCBuildConfiguration section */
		F0D70EA8244F821400DBBCBD /* Debug */ = {
			isa = XCBuildConfiguration;
			buildSettings = {
				ALWAYS_SEARCH_USER_PATHS = NO;
				CLANG_ANALYZER_NONNULL = YES;
				CLANG_ANALYZER_NUMBER_OBJECT_CONVERSION = YES_AGGRESSIVE;
				CLANG_CXX_LANGUAGE_STANDARD = "gnu++14";
				CLANG_CXX_LIBRARY = "libc++";
				CLANG_ENABLE_MODULES = YES;
				CLANG_ENABLE_OBJC_ARC = YES;
				CLANG_ENABLE_OBJC_WEAK = YES;
				CLANG_WARN_BLOCK_CAPTURE_AUTORELEASING = YES;
				CLANG_WARN_BOOL_CONVERSION = YES;
				CLANG_WARN_COMMA = YES;
				CLANG_WARN_CONSTANT_CONVERSION = YES;
				CLANG_WARN_DEPRECATED_OBJC_IMPLEMENTATIONS = YES;
				CLANG_WARN_DIRECT_OBJC_ISA_USAGE = YES_ERROR;
				CLANG_WARN_DOCUMENTATION_COMMENTS = YES;
				CLANG_WARN_EMPTY_BODY = YES;
				CLANG_WARN_ENUM_CONVERSION = YES;
				CLANG_WARN_INFINITE_RECURSION = YES;
				CLANG_WARN_INT_CONVERSION = YES;
				CLANG_WARN_NON_LITERAL_NULL_CONVERSION = YES;
				CLANG_WARN_OBJC_IMPLICIT_RETAIN_SELF = YES;
				CLANG_WARN_OBJC_LITERAL_CONVERSION = YES;
				CLANG_WARN_OBJC_ROOT_CLASS = YES_ERROR;
				CLANG_WARN_RANGE_LOOP_ANALYSIS = YES;
				CLANG_WARN_STRICT_PROTOTYPES = YES;
				CLANG_WARN_SUSPICIOUS_MOVE = YES;
				CLANG_WARN_UNGUARDED_AVAILABILITY = YES_AGGRESSIVE;
				CLANG_WARN_UNREACHABLE_CODE = YES;
				CLANG_WARN__DUPLICATE_METHOD_MATCH = YES;
				COPY_PHASE_STRIP = NO;
				DEBUG_INFORMATION_FORMAT = dwarf;
				ENABLE_STRICT_OBJC_MSGSEND = YES;
				ENABLE_TESTABILITY = YES;
				GCC_C_LANGUAGE_STANDARD = gnu11;
				GCC_DYNAMIC_NO_PIC = NO;
				GCC_NO_COMMON_BLOCKS = YES;
				GCC_OPTIMIZATION_LEVEL = 0;
				GCC_PREPROCESSOR_DEFINITIONS = (
					"DEBUG=1",
					"$(inherited)",
				);
				GCC_WARN_64_TO_32_BIT_CONVERSION = YES;
				GCC_WARN_ABOUT_RETURN_TYPE = YES_ERROR;
				GCC_WARN_UNDECLARED_SELECTOR = YES;
				GCC_WARN_UNINITIALIZED_AUTOS = YES_AGGRESSIVE;
				GCC_WARN_UNUSED_FUNCTION = YES;
				GCC_WARN_UNUSED_VARIABLE = YES;
				IPHONEOS_DEPLOYMENT_TARGET = 13.4;
				MTL_ENABLE_DEBUG_INFO = INCLUDE_SOURCE;
				MTL_FAST_MATH = YES;
				ONLY_ACTIVE_ARCH = YES;
				SDKROOT = iphoneos;
				SWIFT_ACTIVE_COMPILATION_CONDITIONS = DEBUG;
				SWIFT_OPTIMIZATION_LEVEL = "-Onone";
			};
			name = Debug;
		};
		F0D70EA9244F821400DBBCBD /* Release */ = {
			isa = XCBuildConfiguration;
			buildSettings = {
				ALWAYS_SEARCH_USER_PATHS = NO;
				CLANG_ANALYZER_NONNULL = YES;
				CLANG_ANALYZER_NUMBER_OBJECT_CONVERSION = YES_AGGRESSIVE;
				CLANG_CXX_LANGUAGE_STANDARD = "gnu++14";
				CLANG_CXX_LIBRARY = "libc++";
				CLANG_ENABLE_MODULES = YES;
				CLANG_ENABLE_OBJC_ARC = YES;
				CLANG_ENABLE_OBJC_WEAK = YES;
				CLANG_WARN_BLOCK_CAPTURE_AUTORELEASING = YES;
				CLANG_WARN_BOOL_CONVERSION = YES;
				CLANG_WARN_COMMA = YES;
				CLANG_WARN_CONSTANT_CONVERSION = YES;
				CLANG_WARN_DEPRECATED_OBJC_IMPLEMENTATIONS = YES;
				CLANG_WARN_DIRECT_OBJC_ISA_USAGE = YES_ERROR;
				CLANG_WARN_DOCUMENTATION_COMMENTS = YES;
				CLANG_WARN_EMPTY_BODY = YES;
				CLANG_WARN_ENUM_CONVERSION = YES;
				CLANG_WARN_INFINITE_RECURSION = YES;
				CLANG_WARN_INT_CONVERSION = YES;
				CLANG_WARN_NON_LITERAL_NULL_CONVERSION = YES;
				CLANG_WARN_OBJC_IMPLICIT_RETAIN_SELF = YES;
				CLANG_WARN_OBJC_LITERAL_CONVERSION = YES;
				CLANG_WARN_OBJC_ROOT_CLASS = YES_ERROR;
				CLANG_WARN_RANGE_LOOP_ANALYSIS = YES;
				CLANG_WARN_STRICT_PROTOTYPES = YES;
				CLANG_WARN_SUSPICIOUS_MOVE = YES;
				CLANG_WARN_UNGUARDED_AVAILABILITY = YES_AGGRESSIVE;
				CLANG_WARN_UNREACHABLE_CODE = YES;
				CLANG_WARN__DUPLICATE_METHOD_MATCH = YES;
				COPY_PHASE_STRIP = NO;
				DEBUG_INFORMATION_FORMAT = "dwarf-with-dsym";
				ENABLE_NS_ASSERTIONS = NO;
				ENABLE_STRICT_OBJC_MSGSEND = YES;
				GCC_C_LANGUAGE_STANDARD = gnu11;
				GCC_NO_COMMON_BLOCKS = YES;
				GCC_WARN_64_TO_32_BIT_CONVERSION = YES;
				GCC_WARN_ABOUT_RETURN_TYPE = YES_ERROR;
				GCC_WARN_UNDECLARED_SELECTOR = YES;
				GCC_WARN_UNINITIALIZED_AUTOS = YES_AGGRESSIVE;
				GCC_WARN_UNUSED_FUNCTION = YES;
				GCC_WARN_UNUSED_VARIABLE = YES;
				IPHONEOS_DEPLOYMENT_TARGET = 13.4;
				MTL_ENABLE_DEBUG_INFO = NO;
				MTL_FAST_MATH = YES;
				SDKROOT = iphoneos;
				SWIFT_COMPILATION_MODE = wholemodule;
				SWIFT_OPTIMIZATION_LEVEL = "-O";
				VALIDATE_PRODUCT = YES;
			};
			name = Release;
		};
		F0D70EAB244F821400DBBCBD /* Debug */ = {
			isa = XCBuildConfiguration;
			buildSettings = {
				ASSETCATALOG_COMPILER_APPICON_NAME = AppIcon;
				CODE_SIGN_STYLE = Automatic;
				DEVELOPMENT_TEAM = RN7VW6K2SU;
				INFOPLIST_FILE = "Milestone-Project19-21/Info.plist";
				LD_RUNPATH_SEARCH_PATHS = (
					"$(inherited)",
					"@executable_path/Frameworks",
				);
				PRODUCT_BUNDLE_IDENTIFIER = "com.kevinngo.Milestone-Project19-21";
				PRODUCT_NAME = "$(TARGET_NAME)";
				SWIFT_VERSION = 5.0;
				TARGETED_DEVICE_FAMILY = "1,2";
			};
			name = Debug;
		};
		F0D70EAC244F821400DBBCBD /* Release */ = {
			isa = XCBuildConfiguration;
			buildSettings = {
				ASSETCATALOG_COMPILER_APPICON_NAME = AppIcon;
				CODE_SIGN_STYLE = Automatic;
				DEVELOPMENT_TEAM = RN7VW6K2SU;
				INFOPLIST_FILE = "Milestone-Project19-21/Info.plist";
				LD_RUNPATH_SEARCH_PATHS = (
					"$(inherited)",
					"@executable_path/Frameworks",
				);
				PRODUCT_BUNDLE_IDENTIFIER = "com.kevinngo.Milestone-Project19-21";
				PRODUCT_NAME = "$(TARGET_NAME)";
				SWIFT_VERSION = 5.0;
				TARGETED_DEVICE_FAMILY = "1,2";
			};
			name = Release;
		};
/* End XCBuildConfiguration section */

/* Begin XCConfigurationList section */
		F0D70E91244F821100DBBCBD /* Build configuration list for PBXProject "Milestone-Project19-21" */ = {
			isa = XCConfigurationList;
			buildConfigurations = (
				F0D70EA8244F821400DBBCBD /* Debug */,
				F0D70EA9244F821400DBBCBD /* Release */,
			);
			defaultConfigurationIsVisible = 0;
			defaultConfigurationName = Release;
		};
		F0D70EAA244F821400DBBCBD /* Build configuration list for PBXNativeTarget "Milestone-Project19-21" */ = {
			isa = XCConfigurationList;
			buildConfigurations = (
				F0D70EAB244F821400DBBCBD /* Debug */,
				F0D70EAC244F821400DBBCBD /* Release */,
			);
			defaultConfigurationIsVisible = 0;
			defaultConfigurationName = Release;
		};
/* End XCConfigurationList section */
	};
	rootObject = F0D70E8E244F821100DBBCBD /* Project object */;
}
