// !$*UTF8*$!
{
	archiveVersion = 1;
	classes = {
	};
	objectVersion = 50;
	objects = {

/* Begin PBXBuildFile section */
		F0AB4716241F2CB90042CB25 /* AppDelegate.swift in Sources */ = {isa = PBXBuildFile; fileRef = F0AB4715241F2CB90042CB25 /* AppDelegate.swift */; };
		F0AB4718241F2CB90042CB25 /* SceneDelegate.swift in Sources */ = {isa = PBXBuildFile; fileRef = F0AB4717241F2CB90042CB25 /* SceneDelegate.swift */; };
		F0AB471A241F2CB90042CB25 /* ViewController.swift in Sources */ = {isa = PBXBuildFile; fileRef = F0AB4719241F2CB90042CB25 /* ViewController.swift */; };
		F0AB471D241F2CB90042CB25 /* Main.storyboard in Resources */ = {isa = PBXBuildFile; fileRef = F0AB471B241F2CB90042CB25 /* Main.storyboard */; };
		F0AB471F241F2CBC0042CB25 /* Assets.xcassets in Resources */ = {isa = PBXBuildFile; fileRef = F0AB471E241F2CBC0042CB25 /* Assets.xcassets */; };
		F0AB4722241F2CBC0042CB25 /* LaunchScreen.storyboard in Resources */ = {isa = PBXBuildFile; fileRef = F0AB4720241F2CBC0042CB25 /* LaunchScreen.storyboard */; };
		F0AB472A241F2D7E0042CB25 /* DetailViewController.swift in Sources */ = {isa = PBXBuildFile; fileRef = F0AB4729241F2D7E0042CB25 /* DetailViewController.swift */; };
		F0AB474C241F34560042CB25 /* nigeria@2x.png in Resources */ = {isa = PBXBuildFile; fileRef = F0AB4740241F34550042CB25 /* nigeria@2x.png */; };
		F0AB474D241F34560042CB25 /* spain@2x.png in Resources */ = {isa = PBXBuildFile; fileRef = F0AB4741241F34550042CB25 /* spain@2x.png */; };
		F0AB474E241F34560042CB25 /* uk@2x.png in Resources */ = {isa = PBXBuildFile; fileRef = F0AB4742241F34550042CB25 /* uk@2x.png */; };
		F0AB474F241F34560042CB25 /* monaco@2x.png in Resources */ = {isa = PBXBuildFile; fileRef = F0AB4743241F34560042CB25 /* monaco@2x.png */; };
		F0AB4750241F34560042CB25 /* germany@2x.png in Resources */ = {isa = PBXBuildFile; fileRef = F0AB4744241F34560042CB25 /* germany@2x.png */; };
		F0AB4751241F34560042CB25 /* estonia@2x.png in Resources */ = {isa = PBXBuildFile; fileRef = F0AB4745241F34560042CB25 /* estonia@2x.png */; };
		F0AB4752241F34560042CB25 /* italy@2x.png in Resources */ = {isa = PBXBuildFile; fileRef = F0AB4746241F34560042CB25 /* italy@2x.png */; };
		F0AB4753241F34560042CB25 /* poland@2x.png in Resources */ = {isa = PBXBuildFile; fileRef = F0AB4747241F34560042CB25 /* poland@2x.png */; };
		F0AB4754241F34560042CB25 /* ireland@2x.png in Resources */ = {isa = PBXBuildFile; fileRef = F0AB4748241F34560042CB25 /* ireland@2x.png */; };
		F0AB4755241F34560042CB25 /* russia@2x.png in Resources */ = {isa = PBXBuildFile; fileRef = F0AB4749241F34560042CB25 /* russia@2x.png */; };
		F0AB4756241F34560042CB25 /* us@2x.png in Resources */ = {isa = PBXBuildFile; fileRef = F0AB474A241F34560042CB25 /* us@2x.png */; };
		F0AB4757241F34560042CB25 /* france@2x.png in Resources */ = {isa = PBXBuildFile; fileRef = F0AB474B241F34560042CB25 /* france@2x.png */; };
/* End PBXBuildFile section */

/* Begin PBXFileReference section */
		F0AB4712241F2CB90042CB25 /* Milestone-Project1-3.app */ = {isa = PBXFileReference; explicitFileType = wrapper.application; includeInIndex = 0; path = "Milestone-Project1-3.app"; sourceTree = BUILT_PRODUCTS_DIR; };
		F0AB4715241F2CB90042CB25 /* AppDelegate.swift */ = {isa = PBXFileReference; lastKnownFileType = sourcecode.swift; path = AppDelegate.swift; sourceTree = "<group>"; };
		F0AB4717241F2CB90042CB25 /* SceneDelegate.swift */ = {isa = PBXFileReference; lastKnownFileType = sourcecode.swift; path = SceneDelegate.swift; sourceTree = "<group>"; };
		F0AB4719241F2CB90042CB25 /* ViewController.swift */ = {isa = PBXFileReference; lastKnownFileType = sourcecode.swift; path = ViewController.swift; sourceTree = "<group>"; };
		F0AB471C241F2CB90042CB25 /* Base */ = {isa = PBXFileReference; lastKnownFileType = file.storyboard; name = Base; path = Base.lproj/Main.storyboard; sourceTree = "<group>"; };
		F0AB471E241F2CBC0042CB25 /* Assets.xcassets */ = {isa = PBXFileReference; lastKnownFileType = folder.assetcatalog; path = Assets.xcassets; sourceTree = "<group>"; };
		F0AB4721241F2CBC0042CB25 /* Base */ = {isa = PBXFileReference; lastKnownFileType = file.storyboard; name = Base; path = Base.lproj/LaunchScreen.storyboard; sourceTree = "<group>"; };
		F0AB4723241F2CBC0042CB25 /* Info.plist */ = {isa = PBXFileReference; lastKnownFileType = text.plist.xml; path = Info.plist; sourceTree = "<group>"; };
		F0AB4729241F2D7E0042CB25 /* DetailViewController.swift */ = {isa = PBXFileReference; lastKnownFileType = sourcecode.swift; path = DetailViewController.swift; sourceTree = "<group>"; };
		F0AB4740241F34550042CB25 /* nigeria@2x.png */ = {isa = PBXFileReference; lastKnownFileType = image.png; path = "nigeria@2x.png"; sourceTree = "<group>"; };
		F0AB4741241F34550042CB25 /* spain@2x.png */ = {isa = PBXFileReference; lastKnownFileType = image.png; path = "spain@2x.png"; sourceTree = "<group>"; };
		F0AB4742241F34550042CB25 /* uk@2x.png */ = {isa = PBXFileReference; lastKnownFileType = image.png; path = "uk@2x.png"; sourceTree = "<group>"; };
		F0AB4743241F34560042CB25 /* monaco@2x.png */ = {isa = PBXFileReference; lastKnownFileType = image.png; path = "monaco@2x.png"; sourceTree = "<group>"; };
		F0AB4744241F34560042CB25 /* germany@2x.png */ = {isa = PBXFileReference; lastKnownFileType = image.png; path = "germany@2x.png"; sourceTree = "<group>"; };
		F0AB4745241F34560042CB25 /* estonia@2x.png */ = {isa = PBXFileReference; lastKnownFileType = image.png; path = "estonia@2x.png"; sourceTree = "<group>"; };
		F0AB4746241F34560042CB25 /* italy@2x.png */ = {isa = PBXFileReference; lastKnownFileType = image.png; path = "italy@2x.png"; sourceTree = "<group>"; };
		F0AB4747241F34560042CB25 /* poland@2x.png */ = {isa = PBXFileReference; lastKnownFileType = image.png; path = "poland@2x.png"; sourceTree = "<group>"; };
		F0AB4748241F34560042CB25 /* ireland@2x.png */ = {isa = PBXFileReference; lastKnownFileType = image.png; path = "ireland@2x.png"; sourceTree = "<group>"; };
		F0AB4749241F34560042CB25 /* russia@2x.png */ = {isa = PBXFileReference; lastKnownFileType = image.png; path = "russia@2x.png"; sourceTree = "<group>"; };
		F0AB474A241F34560042CB25 /* us@2x.png */ = {isa = PBXFileReference; lastKnownFileType = image.png; path = "us@2x.png"; sourceTree = "<group>"; };
		F0AB474B241F34560042CB25 /* france@2x.png */ = {isa = PBXFileReference; lastKnownFileType = image.png; path = "france@2x.png"; sourceTree = "<group>"; };
/* End PBXFileReference section */

/* Begin PBXFrameworksBuildPhase section */
		F0AB470F241F2CB90042CB25 /* Frameworks */ = {
			isa = PBXFrameworksBuildPhase;
			buildActionMask = 2147483647;
			files = (
			);
			runOnlyForDeploymentPostprocessing = 0;
		};
/* End PBXFrameworksBuildPhase section */

/* Begin PBXGroup section */
		F0AB4709241F2CB80042CB25 = {
			isa = PBXGroup;
			children = (
				F0AB4714241F2CB90042CB25 /* Milestone-Project1-3 */,
				F0AB4713241F2CB90042CB25 /* Products */,
			);
			sourceTree = "<group>";
		};
		F0AB4713241F2CB90042CB25 /* Products */ = {
			isa = PBXGroup;
			children = (
				F0AB4712241F2CB90042CB25 /* Milestone-Project1-3.app */,
			);
			name = Products;
			sourceTree = "<group>";
		};
		F0AB4714241F2CB90042CB25 /* Milestone-Project1-3 */ = {
			isa = PBXGroup;
			children = (
				F0AB4715241F2CB90042CB25 /* AppDelegate.swift */,
				F0AB4717241F2CB90042CB25 /* SceneDelegate.swift */,
				F0AB4719241F2CB90042CB25 /* ViewController.swift */,
				F0AB4729241F2D7E0042CB25 /* DetailViewController.swift */,
				F0AB471B241F2CB90042CB25 /* Main.storyboard */,
				F0AB472B241F30760042CB25 /* Content */,
				F0AB471E241F2CBC0042CB25 /* Assets.xcassets */,
				F0AB4720241F2CBC0042CB25 /* LaunchScreen.storyboard */,
				F0AB4723241F2CBC0042CB25 /* Info.plist */,
			);
			path = "Milestone-Project1-3";
			sourceTree = "<group>";
		};
		F0AB472B241F30760042CB25 /* Content */ = {
			isa = PBXGroup;
			children = (
				F0AB4745241F34560042CB25 /* estonia@2x.png */,
				F0AB474B241F34560042CB25 /* france@2x.png */,
				F0AB4744241F34560042CB25 /* germany@2x.png */,
				F0AB4748241F34560042CB25 /* ireland@2x.png */,
				F0AB4746241F34560042CB25 /* italy@2x.png */,
				F0AB4743241F34560042CB25 /* monaco@2x.png */,
				F0AB4740241F34550042CB25 /* nigeria@2x.png */,
				F0AB4747241F34560042CB25 /* poland@2x.png */,
				F0AB4749241F34560042CB25 /* russia@2x.png */,
				F0AB4741241F34550042CB25 /* spain@2x.png */,
				F0AB4742241F34550042CB25 /* uk@2x.png */,
				F0AB474A241F34560042CB25 /* us@2x.png */,
			);
			path = Content;
			sourceTree = "<group>";
		};
/* End PBXGroup section */

/* Begin PBXNativeTarget section */
		F0AB4711241F2CB90042CB25 /* Milestone-Project1-3 */ = {
			isa = PBXNativeTarget;
			buildConfigurationList = F0AB4726241F2CBC0042CB25 /* Build configuration list for PBXNativeTarget "Milestone-Project1-3" */;
			buildPhases = (
				F0AB470E241F2CB90042CB25 /* Sources */,
				F0AB470F241F2CB90042CB25 /* Frameworks */,
				F0AB4710241F2CB90042CB25 /* Resources */,
			);
			buildRules = (
			);
			dependencies = (
			);
			name = "Milestone-Project1-3";
			productName = "Milestone-Project1-3";
			productReference = F0AB4712241F2CB90042CB25 /* Milestone-Project1-3.app */;
			productType = "com.apple.product-type.application";
		};
/* End PBXNativeTarget section */

/* Begin PBXProject section */
		F0AB470A241F2CB80042CB25 /* Project object */ = {
			isa = PBXProject;
			attributes = {
				LastSwiftUpdateCheck = 1130;
				LastUpgradeCheck = 1130;
				ORGANIZATIONNAME = "Kevin Ngo";
				TargetAttributes = {
					F0AB4711241F2CB90042CB25 = {
						CreatedOnToolsVersion = 11.3;
					};
				};
			};
			buildConfigurationList = F0AB470D241F2CB80042CB25 /* Build configuration list for PBXProject "Milestone-Project1-3" */;
			compatibilityVersion = "Xcode 9.3";
			developmentRegion = en;
			hasScannedForEncodings = 0;
			knownRegions = (
				en,
				Base,
			);
			mainGroup = F0AB4709241F2CB80042CB25;
			productRefGroup = F0AB4713241F2CB90042CB25 /* Products */;
			projectDirPath = "";
			projectRoot = "";
			targets = (
				F0AB4711241F2CB90042CB25 /* Milestone-Project1-3 */,
			);
		};
/* End PBXProject section */

/* Begin PBXResourcesBuildPhase section */
		F0AB4710241F2CB90042CB25 /* Resources */ = {
			isa = PBXResourcesBuildPhase;
			buildActionMask = 2147483647;
			files = (
				F0AB4756241F34560042CB25 /* us@2x.png in Resources */,
				F0AB474E241F34560042CB25 /* uk@2x.png in Resources */,
				F0AB4751241F34560042CB25 /* estonia@2x.png in Resources */,
				F0AB4722241F2CBC0042CB25 /* LaunchScreen.storyboard in Resources */,
				F0AB471F241F2CBC0042CB25 /* Assets.xcassets in Resources */,
				F0AB4757241F34560042CB25 /* france@2x.png in Resources */,
				F0AB474F241F34560042CB25 /* monaco@2x.png in Resources */,
				F0AB474C241F34560042CB25 /* nigeria@2x.png in Resources */,
				F0AB4752241F34560042CB25 /* italy@2x.png in Resources */,
				F0AB4755241F34560042CB25 /* russia@2x.png in Resources */,
				F0AB474D241F34560042CB25 /* spain@2x.png in Resources */,
				F0AB4750241F34560042CB25 /* germany@2x.png in Resources */,
				F0AB471D241F2CB90042CB25 /* Main.storyboard in Resources */,
				F0AB4754241F34560042CB25 /* ireland@2x.png in Resources */,
				F0AB4753241F34560042CB25 /* poland@2x.png in Resources */,
			);
			runOnlyForDeploymentPostprocessing = 0;
		};
/* End PBXResourcesBuildPhase section */

/* Begin PBXSourcesBuildPhase section */
		F0AB470E241F2CB90042CB25 /* Sources */ = {
			isa = PBXSourcesBuildPhase;
			buildActionMask = 2147483647;
			files = (
				F0AB471A241F2CB90042CB25 /* ViewController.swift in Sources */,
				F0AB4716241F2CB90042CB25 /* AppDelegate.swift in Sources */,
				F0AB4718241F2CB90042CB25 /* SceneDelegate.swift in Sources */,
				F0AB472A241F2D7E0042CB25 /* DetailViewController.swift in Sources */,
			);
			runOnlyForDeploymentPostprocessing = 0;
		};
/* End PBXSourcesBuildPhase section */

/* Begin PBXVariantGroup section */
		F0AB471B241F2CB90042CB25 /* Main.storyboard */ = {
			isa = PBXVariantGroup;
			children = (
				F0AB471C241F2CB90042CB25 /* Base */,
			);
			name = Main.storyboard;
			sourceTree = "<group>";
		};
		F0AB4720241F2CBC0042CB25 /* LaunchScreen.storyboard */ = {
			isa = PBXVariantGroup;
			children = (
				F0AB4721241F2CBC0042CB25 /* Base */,
			);
			name = LaunchScreen.storyboard;
			sourceTree = "<group>";
		};
/* End PBXVariantGroup section */

/* Begin XCBuildConfiguration section */
		F0AB4724241F2CBC0042CB25 /* Debug */ = {
			isa = XCBuildConfiguration;
			buildSettings = {
				ALWAYS_SEARCH_USER_PATHS = NO;
				CLANG_ANALYZER_NONNULL = YES;
				CLANG_ANALYZER_NUMBER_OBJECT_CONVERSION = YES_AGGRESSIVE;
				CLANG_CXX_LANGUAGE_STANDARD = "gnu++14";
				CLANG_CXX_LIBRARY = "libc++";
				CLANG_ENABLE_MODULES = YES;
				CLANG_ENABLE_OBJC_ARC = YES;
				CLANG_ENABLE_OBJC_WEAK = YES;
				CLANG_WARN_BLOCK_CAPTURE_AUTORELEASING = YES;
				CLANG_WARN_BOOL_CONVERSION = YES;
				CLANG_WARN_COMMA = YES;
				CLANG_WARN_CONSTANT_CONVERSION = YES;
				CLANG_WARN_DEPRECATED_OBJC_IMPLEMENTATIONS = YES;
				CLANG_WARN_DIRECT_OBJC_ISA_USAGE = YES_ERROR;
				CLANG_WARN_DOCUMENTATION_COMMENTS = YES;
				CLANG_WARN_EMPTY_BODY = YES;
				CLANG_WARN_ENUM_CONVERSION = YES;
				CLANG_WARN_INFINITE_RECURSION = YES;
				CLANG_WARN_INT_CONVERSION = YES;
				CLANG_WARN_NON_LITERAL_NULL_CONVERSION = YES;
				CLANG_WARN_OBJC_IMPLICIT_RETAIN_SELF = YES;
				CLANG_WARN_OBJC_LITERAL_CONVERSION = YES;
				CLANG_WARN_OBJC_ROOT_CLASS = YES_ERROR;
				CLANG_WARN_RANGE_LOOP_ANALYSIS = YES;
				CLANG_WARN_STRICT_PROTOTYPES = YES;
				CLANG_WARN_SUSPICIOUS_MOVE = YES;
				CLANG_WARN_UNGUARDED_AVAILABILITY = YES_AGGRESSIVE;
				CLANG_WARN_UNREACHABLE_CODE = YES;
				CLANG_WARN__DUPLICATE_METHOD_MATCH = YES;
				COPY_PHASE_STRIP = NO;
				DEBUG_INFORMATION_FORMAT = dwarf;
				ENABLE_STRICT_OBJC_MSGSEND = YES;
				ENABLE_TESTABILITY = YES;
				GCC_C_LANGUAGE_STANDARD = gnu11;
				GCC_DYNAMIC_NO_PIC = NO;
				GCC_NO_COMMON_BLOCKS = YES;
				GCC_OPTIMIZATION_LEVEL = 0;
				GCC_PREPROCESSOR_DEFINITIONS = (
					"DEBUG=1",
					"$(inherited)",
				);
				GCC_WARN_64_TO_32_BIT_CONVERSION = YES;
				GCC_WARN_ABOUT_RETURN_TYPE = YES_ERROR;
				GCC_WARN_UNDECLARED_SELECTOR = YES;
				GCC_WARN_UNINITIALIZED_AUTOS = YES_AGGRESSIVE;
				GCC_WARN_UNUSED_FUNCTION = YES;
				GCC_WARN_UNUSED_VARIABLE = YES;
				IPHONEOS_DEPLOYMENT_TARGET = 13.2;
				MTL_ENABLE_DEBUG_INFO = INCLUDE_SOURCE;
				MTL_FAST_MATH = YES;
				ONLY_ACTIVE_ARCH = YES;
				SDKROOT = iphoneos;
				SWIFT_ACTIVE_COMPILATION_CONDITIONS = DEBUG;
				SWIFT_OPTIMIZATION_LEVEL = "-Onone";
			};
			name = Debug;
		};
		F0AB4725241F2CBC0042CB25 /* Release */ = {
			isa = XCBuildConfiguration;
			buildSettings = {
				ALWAYS_SEARCH_USER_PATHS = NO;
				CLANG_ANALYZER_NONNULL = YES;
				CLANG_ANALYZER_NUMBER_OBJECT_CONVERSION = YES_AGGRESSIVE;
				CLANG_CXX_LANGUAGE_STANDARD = "gnu++14";
				CLANG_CXX_LIBRARY = "libc++";
				CLANG_ENABLE_MODULES = YES;
				CLANG_ENABLE_OBJC_ARC = YES;
				CLANG_ENABLE_OBJC_WEAK = YES;
				CLANG_WARN_BLOCK_CAPTURE_AUTORELEASING = YES;
				CLANG_WARN_BOOL_CONVERSION = YES;
				CLANG_WARN_COMMA = YES;
				CLANG_WARN_CONSTANT_CONVERSION = YES;
				CLANG_WARN_DEPRECATED_OBJC_IMPLEMENTATIONS = YES;
				CLANG_WARN_DIRECT_OBJC_ISA_USAGE = YES_ERROR;
				CLANG_WARN_DOCUMENTATION_COMMENTS = YES;
				CLANG_WARN_EMPTY_BODY = YES;
				CLANG_WARN_ENUM_CONVERSION = YES;
				CLANG_WARN_INFINITE_RECURSION = YES;
				CLANG_WARN_INT_CONVERSION = YES;
				CLANG_WARN_NON_LITERAL_NULL_CONVERSION = YES;
				CLANG_WARN_OBJC_IMPLICIT_RETAIN_SELF = YES;
				CLANG_WARN_OBJC_LITERAL_CONVERSION = YES;
				CLANG_WARN_OBJC_ROOT_CLASS = YES_ERROR;
				CLANG_WARN_RANGE_LOOP_ANALYSIS = YES;
				CLANG_WARN_STRICT_PROTOTYPES = YES;
				CLANG_WARN_SUSPICIOUS_MOVE = YES;
				CLANG_WARN_UNGUARDED_AVAILABILITY = YES_AGGRESSIVE;
				CLANG_WARN_UNREACHABLE_CODE = YES;
				CLANG_WARN__DUPLICATE_METHOD_MATCH = YES;
				COPY_PHASE_STRIP = NO;
				DEBUG_INFORMATION_FORMAT = "dwarf-with-dsym";
				ENABLE_NS_ASSERTIONS = NO;
				ENABLE_STRICT_OBJC_MSGSEND = YES;
				GCC_C_LANGUAGE_STANDARD = gnu11;
				GCC_NO_COMMON_BLOCKS = YES;
				GCC_WARN_64_TO_32_BIT_CONVERSION = YES;
				GCC_WARN_ABOUT_RETURN_TYPE = YES_ERROR;
				GCC_WARN_UNDECLARED_SELECTOR = YES;
				GCC_WARN_UNINITIALIZED_AUTOS = YES_AGGRESSIVE;
				GCC_WARN_UNUSED_FUNCTION = YES;
				GCC_WARN_UNUSED_VARIABLE = YES;
				IPHONEOS_DEPLOYMENT_TARGET = 13.2;
				MTL_ENABLE_DEBUG_INFO = NO;
				MTL_FAST_MATH = YES;
				SDKROOT = iphoneos;
				SWIFT_COMPILATION_MODE = wholemodule;
				SWIFT_OPTIMIZATION_LEVEL = "-O";
				VALIDATE_PRODUCT = YES;
			};
			name = Release;
		};
		F0AB4727241F2CBC0042CB25 /* Debug */ = {
			isa = XCBuildConfiguration;
			buildSettings = {
				ASSETCATALOG_COMPILER_APPICON_NAME = AppIcon;
				CODE_SIGN_STYLE = Automatic;
				DEVELOPMENT_TEAM = RN7VW6K2SU;
				INFOPLIST_FILE = "Milestone-Project1-3/Info.plist";
				LD_RUNPATH_SEARCH_PATHS = (
					"$(inherited)",
					"@executable_path/Frameworks",
				);
				PRODUCT_BUNDLE_IDENTIFIER = "com.kevinngo.Milestone-Project1-3";
				PRODUCT_NAME = "$(TARGET_NAME)";
				SWIFT_VERSION = 5.0;
				TARGETED_DEVICE_FAMILY = "1,2";
			};
			name = Debug;
		};
		F0AB4728241F2CBC0042CB25 /* Release */ = {
			isa = XCBuildConfiguration;
			buildSettings = {
				ASSETCATALOG_COMPILER_APPICON_NAME = AppIcon;
				CODE_SIGN_STYLE = Automatic;
				DEVELOPMENT_TEAM = RN7VW6K2SU;
				INFOPLIST_FILE = "Milestone-Project1-3/Info.plist";
				LD_RUNPATH_SEARCH_PATHS = (
					"$(inherited)",
					"@executable_path/Frameworks",
				);
				PRODUCT_BUNDLE_IDENTIFIER = "com.kevinngo.Milestone-Project1-3";
				PRODUCT_NAME = "$(TARGET_NAME)";
				SWIFT_VERSION = 5.0;
				TARGETED_DEVICE_FAMILY = "1,2";
			};
			name = Release;
		};
/* End XCBuildConfiguration section */

/* Begin XCConfigurationList section */
		F0AB470D241F2CB80042CB25 /* Build configuration list for PBXProject "Milestone-Project1-3" */ = {
			isa = XCConfigurationList;
			buildConfigurations = (
				F0AB4724241F2CBC0042CB25 /* Debug */,
				F0AB4725241F2CBC0042CB25 /* Release */,
			);
			defaultConfigurationIsVisible = 0;
			defaultConfigurationName = Release;
		};
		F0AB4726241F2CBC0042CB25 /* Build configuration list for PBXNativeTarget "Milestone-Project1-3" */ = {
			isa = XCConfigurationList;
			buildConfigurations = (
				F0AB4727241F2CBC0042CB25 /* Debug */,
				F0AB4728241F2CBC0042CB25 /* Release */,
			);
			defaultConfigurationIsVisible = 0;
			defaultConfigurationName = Release;
		};
/* End XCConfigurationList section */
	};
	rootObject = F0AB470A241F2CB80042CB25 /* Project object */;
}
